# This file is automatically @generated by Cargo.
# It is not intended for manual editing.
version = 3

[[package]]
name = "abc120"
version = "0.1.0"
dependencies = [
 "proconio",
]

[[package]]
name = "abc121"
version = "0.1.0"
dependencies = [
 "proconio",
]

[[package]]
name = "abc122"
version = "0.1.0"
dependencies = [
 "proconio",
]

[[package]]
name = "abc123"
version = "0.1.0"
dependencies = [
 "proconio",
]

[[package]]
name = "abc124"
version = "0.1.0"
dependencies = [
 "proconio",
]

[[package]]
name = "abc125"
version = "0.1.0"
dependencies = [
 "proconio",
]

[[package]]
name = "abc126"
version = "0.1.0"
dependencies = [
 "proconio",
]

[[package]]
name = "abc127"
version = "0.1.0"
dependencies = [
 "proconio",
]

[[package]]
name = "abc128"
version = "0.1.0"
dependencies = [
 "proconio",
]

[[package]]
name = "abc129"
version = "0.1.0"
dependencies = [
 "proconio",
]

[[package]]
name = "abc130"
version = "0.1.0"
dependencies = [
 "proconio",
]

[[package]]
name = "abc131"
version = "0.1.0"
dependencies = [
 "proconio",
]

[[package]]
name = "abc132"
version = "0.1.0"
dependencies = [
 "proconio",
]

[[package]]
name = "abc133"
version = "0.1.0"
dependencies = [
 "proconio",
]

[[package]]
name = "abc134"
version = "0.1.0"
dependencies = [
 "proconio",
]

[[package]]
name = "abc135"
version = "0.1.0"
dependencies = [
 "proconio",
]

[[package]]
name = "abc136"
version = "0.1.0"
dependencies = [
 "proconio",
]

[[package]]
name = "abc137"
version = "0.1.0"
dependencies = [
 "proconio",
]

[[package]]
name = "abc138"
version = "0.1.0"
dependencies = [
 "proconio",
]

[[package]]
name = "abc139"
version = "0.1.0"
dependencies = [
 "proconio",
]

[[package]]
name = "abc140"
version = "0.1.0"
dependencies = [
 "proconio",
]

[[package]]
name = "abc141"
version = "0.1.0"
dependencies = [
 "proconio",
]

[[package]]
name = "abc142"
version = "0.1.0"
dependencies = [
 "proconio",
]

[[package]]
name = "abc143"
version = "0.1.0"
dependencies = [
 "proconio",
]

[[package]]
name = "abc144"
version = "0.1.0"
dependencies = [
 "proconio",
]

[[package]]
name = "abc145"
version = "0.1.0"
dependencies = [
 "proconio",
]

[[package]]
name = "abc146"
version = "0.1.0"
dependencies = [
 "proconio",
]

[[package]]
name = "abc147"
version = "0.1.0"
dependencies = [
 "proconio",
]

[[package]]
name = "abc148"
version = "0.1.0"
dependencies = [
 "proconio",
]

[[package]]
name = "abc149"
version = "0.1.0"
dependencies = [
 "proconio",
]

[[package]]
name = "abc150"
version = "0.1.0"
dependencies = [
 "proconio",
]

[[package]]
name = "abc151"
version = "0.1.0"
dependencies = [
 "proconio",
]

[[package]]
name = "abc152"
version = "0.1.0"
dependencies = [
 "proconio",
]

[[package]]
name = "abc153"
version = "0.1.0"
dependencies = [
 "proconio",
]

[[package]]
name = "abc154"
version = "0.1.0"
dependencies = [
 "proconio",
]

[[package]]
name = "abc155"
version = "0.1.0"
dependencies = [
 "proconio",
]

[[package]]
name = "abc156"
version = "0.1.0"
dependencies = [
 "proconio",
]

[[package]]
name = "abc157"
version = "0.1.0"
dependencies = [
 "proconio",
]

[[package]]
name = "abc158"
version = "0.1.0"
dependencies = [
 "proconio",
]

[[package]]
name = "abc159"
version = "0.1.0"
dependencies = [
 "proconio",
]

[[package]]
name = "abc160"
version = "0.1.0"
dependencies = [
 "proconio",
]

[[package]]
name = "abc161"
version = "0.1.0"
dependencies = [
 "proconio",
]

[[package]]
name = "abc162"
version = "0.1.0"
dependencies = [
 "proconio",
]

[[package]]
name = "abc163"
version = "0.1.0"
dependencies = [
 "proconio",
]

[[package]]
name = "abc164"
version = "0.1.0"
dependencies = [
 "proconio",
]

[[package]]
name = "abc165"
version = "0.1.0"
dependencies = [
 "proconio",
]

[[package]]
name = "abc166"
version = "0.1.0"
dependencies = [
 "proconio",
]

[[package]]
name = "abc167"
version = "0.1.0"
dependencies = [
 "proconio",
]

[[package]]
name = "abc168"
version = "0.1.0"
dependencies = [
 "proconio",
]

[[package]]
name = "abc169"
version = "0.1.0"
dependencies = [
 "proconio",
]

[[package]]
name = "abc170"
version = "0.1.0"
dependencies = [
 "proconio",
]

[[package]]
name = "abc171"
version = "0.1.0"
dependencies = [
 "proconio",
]

[[package]]
name = "abc172"
version = "0.1.0"
dependencies = [
 "proconio",
]

[[package]]
name = "abc173"
version = "0.1.0"
dependencies = [
 "proconio",
]

[[package]]
name = "abc174"
version = "0.1.0"
dependencies = [
 "proconio",
]

[[package]]
name = "abc175"
version = "0.1.0"
dependencies = [
 "proconio",
]

[[package]]
name = "abc176"
version = "0.1.0"
dependencies = [
 "proconio",
]

[[package]]
name = "abc177"
version = "0.1.0"
dependencies = [
 "proconio",
]

[[package]]
name = "abc178"
version = "0.1.0"
dependencies = [
 "proconio",
]

[[package]]
name = "abc179"
version = "0.1.0"
dependencies = [
 "proconio",
]

[[package]]
name = "abc180"
version = "0.1.0"
dependencies = [
 "proconio",
]

[[package]]
name = "abc181"
version = "0.1.0"
dependencies = [
 "proconio",
]

[[package]]
name = "abc182"
version = "0.1.0"
dependencies = [
 "proconio",
]

[[package]]
name = "abc183"
version = "0.1.0"
dependencies = [
 "proconio",
]

[[package]]
name = "abc184"
version = "0.1.0"
dependencies = [
 "proconio",
]

[[package]]
name = "abc185"
version = "0.1.0"
dependencies = [
 "proconio",
]

[[package]]
name = "abc186"
version = "0.1.0"
dependencies = [
 "proconio",
]

[[package]]
name = "abc187"
version = "0.1.0"
dependencies = [
 "proconio",
]

[[package]]
name = "abc188"
version = "0.1.0"
dependencies = [
 "proconio",
]

[[package]]
name = "abc189"
version = "0.1.0"
dependencies = [
 "proconio",
]

[[package]]
name = "abc190"
version = "0.1.0"
dependencies = [
 "proconio",
]

[[package]]
name = "abc191"
version = "0.1.0"
dependencies = [
 "proconio",
]

[[package]]
name = "abc192"
version = "0.1.0"
dependencies = [
 "proconio",
]

[[package]]
name = "abc193"
version = "0.1.0"
dependencies = [
 "proconio",
]

[[package]]
name = "abc194"
version = "0.1.0"
dependencies = [
 "proconio",
]

[[package]]
name = "abc195"
version = "0.1.0"
dependencies = [
 "proconio",
]

[[package]]
name = "abc196"
version = "0.1.0"
dependencies = [
 "proconio",
]

[[package]]
name = "abc197"
version = "0.1.0"
dependencies = [
 "proconio",
]

[[package]]
name = "abc198"
version = "0.1.0"
dependencies = [
 "proconio",
]

[[package]]
name = "abc199"
version = "0.1.0"
dependencies = [
 "proconio",
]

[[package]]
name = "abc200"
version = "0.1.0"
dependencies = [
 "proconio",
]

[[package]]
name = "abc201"
version = "0.1.0"
dependencies = [
 "proconio",
]

[[package]]
name = "abc202"
version = "0.1.0"
dependencies = [
 "proconio",
]

[[package]]
name = "abc203"
version = "0.1.0"
dependencies = [
 "proconio",
]

[[package]]
name = "abc204"
version = "0.1.0"
dependencies = [
 "proconio",
]

[[package]]
name = "abc205"
version = "0.1.0"
dependencies = [
 "proconio",
]

[[package]]
name = "abc206"
version = "0.1.0"
dependencies = [
 "proconio",
]

[[package]]
name = "abc207"
version = "0.1.0"
dependencies = [
 "proconio",
]

[[package]]
name = "abc208"
version = "0.1.0"
dependencies = [
 "proconio",
]

[[package]]
name = "abc209"
version = "0.1.0"
dependencies = [
 "proconio",
]

[[package]]
name = "abc210"
version = "0.1.0"
dependencies = [
 "proconio",
]

[[package]]
name = "abc211"
version = "0.1.0"
dependencies = [
 "proconio",
]

[[package]]
name = "abc212"
version = "0.1.0"
dependencies = [
 "proconio",
]

[[package]]
name = "abc213"
version = "0.1.0"
dependencies = [
 "proconio",
]

[[package]]
name = "abc214"
version = "0.1.0"
dependencies = [
 "proconio",
]

[[package]]
name = "abc215"
version = "0.1.0"
dependencies = [
 "proconio",
]

[[package]]
name = "abc216"
version = "0.1.0"
dependencies = [
 "proconio",
]

[[package]]
name = "abc217"
version = "0.1.0"
dependencies = [
 "proconio",
]

[[package]]
name = "abc218"
version = "0.1.0"
dependencies = [
 "proconio",
]

[[package]]
name = "abc219"
version = "0.1.0"
dependencies = [
 "proconio",
]

[[package]]
name = "abc220"
version = "0.1.0"
dependencies = [
 "proconio",
]

[[package]]
name = "abc221"
version = "0.1.0"
dependencies = [
 "proconio",
]

[[package]]
name = "abc222"
version = "0.1.0"
dependencies = [
 "proconio",
]

[[package]]
name = "abc223"
version = "0.1.0"
dependencies = [
 "proconio",
]

[[package]]
name = "abc224"
version = "0.1.0"
dependencies = [
 "proconio",
]

[[package]]
name = "abc225"
version = "0.1.0"
dependencies = [
 "proconio",
]

[[package]]
name = "abc226"
version = "0.1.0"
dependencies = [
 "proconio",
]

[[package]]
name = "abc227"
version = "0.1.0"
dependencies = [
 "proconio",
]

[[package]]
name = "abc228"
version = "0.1.0"
dependencies = [
 "proconio",
]

[[package]]
name = "abc229"
version = "0.1.0"
dependencies = [
 "proconio",
]

[[package]]
name = "abc230"
version = "0.1.0"
dependencies = [
 "proconio",
]

[[package]]
name = "abc231"
version = "0.1.0"
dependencies = [
 "proconio",
]

[[package]]
name = "abc232"
version = "0.1.0"
dependencies = [
 "proconio",
]

[[package]]
name = "abc233"
version = "0.1.0"
dependencies = [
 "proconio",
]

[[package]]
name = "abc234"
version = "0.1.0"
dependencies = [
 "proconio",
]

[[package]]
name = "abc235"
version = "0.1.0"
dependencies = [
 "proconio",
]

[[package]]
name = "abc236"
version = "0.1.0"
dependencies = [
 "proconio",
]

[[package]]
name = "abc237"
version = "0.1.0"
dependencies = [
 "proconio",
]

[[package]]
name = "abc238"
version = "0.1.0"
dependencies = [
 "proconio",
]

[[package]]
name = "abc239"
version = "0.1.0"
dependencies = [
 "proconio",
]

[[package]]
name = "abc240"
version = "0.1.0"
dependencies = [
 "proconio",
]

[[package]]
name = "abc241"
version = "0.1.0"
dependencies = [
 "proconio",
]

[[package]]
name = "abc242"
version = "0.1.0"
dependencies = [
 "proconio",
]

[[package]]
name = "abc243"
version = "0.1.0"
dependencies = [
 "proconio",
]

[[package]]
name = "abc244"
version = "0.1.0"
dependencies = [
 "proconio",
]

[[package]]
name = "abc245"
version = "0.1.0"
dependencies = [
 "proconio",
]

[[package]]
name = "abc246"
version = "0.1.0"
dependencies = [
 "proconio",
]

[[package]]
name = "abc247"
version = "0.1.0"
dependencies = [
 "proconio",
]

[[package]]
name = "abc248"
version = "0.1.0"
dependencies = [
 "proconio",
]

[[package]]
name = "abc249"
version = "0.1.0"
dependencies = [
 "proconio",
]

[[package]]
name = "abc250"
version = "0.1.0"
dependencies = [
 "proconio",
]

[[package]]
name = "abc251"
version = "0.1.0"
dependencies = [
 "proconio",
]

[[package]]
name = "abc252"
version = "0.1.0"
dependencies = [
 "proconio",
]

[[package]]
name = "abc253"
version = "0.1.0"
dependencies = [
 "proconio",
]

[[package]]
name = "abc254"
version = "0.1.0"
dependencies = [
 "proconio",
]

[[package]]
name = "abc255"
version = "0.1.0"
dependencies = [
 "proconio",
]

[[package]]
name = "abc256"
version = "0.1.0"
dependencies = [
 "proconio",
]

[[package]]
name = "abc257"
version = "0.1.0"
dependencies = [
 "proconio",
]

[[package]]
name = "abc258"
version = "0.1.0"
dependencies = [
 "proconio",
]

[[package]]
name = "abc259"
version = "0.1.0"
dependencies = [
 "proconio",
]

[[package]]
name = "abc260"
version = "0.1.0"
dependencies = [
 "proconio",
]

[[package]]
name = "abc261"
version = "0.1.0"
dependencies = [
 "proconio",
]

[[package]]
name = "abc262"
version = "0.1.0"
dependencies = [
 "proconio",
]

[[package]]
name = "abc263"
version = "0.1.0"
dependencies = [
 "proconio",
]

[[package]]
name = "abc264"
version = "0.1.0"
dependencies = [
 "proconio",
]

[[package]]
name = "abc265"
version = "0.1.0"
dependencies = [
 "proconio",
]

[[package]]
name = "abc266"
version = "0.1.0"
dependencies = [
 "proconio",
]

[[package]]
name = "abc267"
version = "0.1.0"
dependencies = [
 "proconio",
]

[[package]]
name = "abc268"
version = "0.1.0"
dependencies = [
 "proconio",
]

[[package]]
name = "abc269"
version = "0.1.0"
dependencies = [
 "proconio",
]

[[package]]
name = "abc270"
version = "0.1.0"
dependencies = [
 "proconio",
]

[[package]]
name = "abc271"
version = "0.1.0"
dependencies = [
 "proconio",
]

[[package]]
name = "abc272"
version = "0.1.0"
dependencies = [
 "proconio",
]

[[package]]
name = "abc273"
version = "0.1.0"
dependencies = [
 "proconio",
]

[[package]]
name = "abc274"
version = "0.1.0"
dependencies = [
 "proconio",
]

[[package]]
name = "abc275"
version = "0.1.0"
dependencies = [
 "proconio",
]

[[package]]
name = "abc276"
version = "0.1.0"
dependencies = [
 "proconio",
]

[[package]]
name = "abc277"
version = "0.1.0"
dependencies = [
 "proconio",
]

[[package]]
name = "abc278"
version = "0.1.0"
dependencies = [
 "proconio",
]

[[package]]
name = "abc279"
version = "0.1.0"
dependencies = [
 "proconio",
]

[[package]]
name = "abc280"
version = "0.1.0"
dependencies = [
 "proconio",
]

[[package]]
name = "abc281"
version = "0.1.0"
dependencies = [
 "proconio",
]

[[package]]
name = "abc282"
version = "0.1.0"
dependencies = [
 "proconio",
]

[[package]]
name = "abc283"
version = "0.1.0"
dependencies = [
 "proconio",
]

[[package]]
name = "abc284"
version = "0.1.0"
dependencies = [
 "proconio",
]

[[package]]
name = "abc285"
version = "0.1.0"
dependencies = [
 "proconio",
]

[[package]]
name = "abc286"
version = "0.1.0"
dependencies = [
 "proconio",
]

[[package]]
name = "abc287"
version = "0.1.0"
dependencies = [
 "proconio",
]

[[package]]
name = "abc288"
version = "0.1.0"
dependencies = [
 "proconio",
]

[[package]]
name = "abc289"
version = "0.1.0"
dependencies = [
 "proconio",
]

[[package]]
name = "abc290"
version = "0.1.0"
dependencies = [
 "proconio",
]

[[package]]
name = "abc291"
version = "0.1.0"
dependencies = [
 "proconio",
]

[[package]]
name = "abc292"
version = "0.1.0"
dependencies = [
 "proconio",
]

[[package]]
name = "abc293"
version = "0.1.0"
dependencies = [
 "proconio",
]

[[package]]
name = "abc294"
version = "0.1.0"
dependencies = [
 "proconio",
]

[[package]]
name = "abc295"
version = "0.1.0"
dependencies = [
 "proconio",
]

[[package]]
name = "abc296"
version = "0.1.0"
dependencies = [
 "proconio",
]

[[package]]
name = "abc297"
version = "0.1.0"
dependencies = [
 "proconio",
]

[[package]]
name = "abc298"
version = "0.1.0"
dependencies = [
 "proconio",
]

[[package]]
name = "abc299"
version = "0.1.0"
dependencies = [
 "proconio",
]

[[package]]
name = "abc300"
version = "0.1.0"
dependencies = [
 "proconio",
]

[[package]]
name = "abc301"
version = "0.1.0"
dependencies = [
 "proconio",
]

[[package]]
name = "abc302"
version = "0.1.0"
dependencies = [
 "proconio",
]

[[package]]
name = "lazy_static"
version = "1.4.0"
source = "registry+https://github.com/rust-lang/crates.io-index"
checksum = "e2abad23fbc42b3700f2f279844dc832adb2b2eb069b2df918f455c4e18cc646"

[[package]]
name = "proconio"
version = "0.4.3"
source = "registry+https://github.com/rust-lang/crates.io-index"
checksum = "91c333be3af2936f8e810300bc74fe4d0cc168ebc04ab02a28c5b1060fa1bd59"
dependencies = [
 "lazy_static",
]
