# This file is automatically @generated by Cargo.
# It is not intended for manual editing.
version = 3

[[package]]
name = "abc030"
version = "0.1.0"
dependencies = [
 "itertools",
 "num",
 "proconio",
]

[[package]]
name = "abc031"
version = "0.1.0"
dependencies = [
 "itertools",
 "proconio",
]

[[package]]
name = "abc032"
version = "0.1.0"
dependencies = [
 "itertools",
 "num",
 "proconio",
]

[[package]]
name = "abc033"
version = "0.1.0"
dependencies = [
 "itertools",
 "proconio",
]

[[package]]
name = "abc034"
version = "0.1.0"
dependencies = [
 "itertools",
 "proconio",
]

[[package]]
name = "abc035"
version = "0.1.0"
dependencies = [
 "itertools",
 "proconio",
]

[[package]]
name = "abc036"
version = "0.1.0"
dependencies = [
 "itertools",
 "proconio",
]

[[package]]
name = "abc037"
version = "0.1.0"
dependencies = [
 "itertools",
 "proconio",
]

[[package]]
name = "abc038"
version = "0.1.0"
dependencies = [
 "itertools",
 "proconio",
]

[[package]]
name = "abc039"
version = "0.1.0"
dependencies = [
 "itertools",
 "proconio",
]

[[package]]
name = "abc040"
version = "0.1.0"
dependencies = [
 "itertools",
 "proconio",
]

[[package]]
name = "abc041"
version = "0.1.0"
dependencies = [
 "itertools",
 "proconio",
]

[[package]]
name = "abc042"
version = "0.1.0"
dependencies = [
 "itertools",
 "proconio",
]

[[package]]
name = "abc043"
version = "0.1.0"
dependencies = [
 "itertools",
 "proconio",
]

[[package]]
name = "abc044"
version = "0.1.0"
dependencies = [
 "itertools",
 "proconio",
]

[[package]]
name = "abc045"
version = "0.1.0"
dependencies = [
 "itertools",
 "proconio",
]

[[package]]
name = "abc046"
version = "0.1.0"
dependencies = [
 "itertools",
 "proconio",
]

[[package]]
name = "abc047"
version = "0.1.0"
dependencies = [
 "itertools",
 "proconio",
]

[[package]]
name = "abc048"
version = "0.1.0"
dependencies = [
 "itertools",
 "proconio",
]

[[package]]
name = "abc049"
version = "0.1.0"
dependencies = [
 "itertools",
 "proconio",
]

[[package]]
name = "abc050"
version = "0.1.0"
dependencies = [
 "itertools",
 "proconio",
]

[[package]]
name = "abc051"
version = "0.1.0"
dependencies = [
 "itertools",
 "proconio",
]

[[package]]
name = "abc052"
version = "0.1.0"
dependencies = [
 "itertools",
 "proconio",
]

[[package]]
name = "abc053"
version = "0.1.0"
dependencies = [
 "itertools",
 "proconio",
]

[[package]]
name = "abc054"
version = "0.1.0"
dependencies = [
 "itertools",
 "proconio",
]

[[package]]
name = "abc055"
version = "0.1.0"
dependencies = [
 "itertools",
 "proconio",
]

[[package]]
name = "abc056"
version = "0.1.0"
dependencies = [
 "itertools",
 "proconio",
]

[[package]]
name = "abc057"
version = "0.1.0"
dependencies = [
 "itertools",
 "proconio",
]

[[package]]
name = "abc058"
version = "0.1.0"
dependencies = [
 "itertools",
 "proconio",
]

[[package]]
name = "abc059"
version = "0.1.0"
dependencies = [
 "itertools",
 "proconio",
]

[[package]]
name = "abc060"
version = "0.1.0"
dependencies = [
 "itertools",
 "proconio",
]

[[package]]
name = "abc061"
version = "0.1.0"
dependencies = [
 "itertools",
 "proconio",
]

[[package]]
name = "abc062"
version = "0.1.0"
dependencies = [
 "itertools",
 "proconio",
]

[[package]]
name = "abc063"
version = "0.1.0"
dependencies = [
 "proconio",
]

[[package]]
name = "abc064"
version = "0.1.0"
dependencies = [
 "proconio",
]

[[package]]
name = "abc065"
version = "0.1.0"
dependencies = [
 "itertools",
 "proconio",
]

[[package]]
name = "abc066"
version = "0.1.0"
dependencies = [
 "proconio",
]

[[package]]
name = "abc067"
version = "0.1.0"
dependencies = [
 "proconio",
]

[[package]]
name = "abc068"
version = "0.1.0"
dependencies = [
 "proconio",
]

[[package]]
name = "abc069"
version = "0.1.0"
dependencies = [
 "proconio",
]

[[package]]
name = "abc070"
version = "0.1.0"
dependencies = [
 "proconio",
]

[[package]]
name = "abc071"
version = "0.1.0"
dependencies = [
 "proconio",
]

[[package]]
name = "abc072"
version = "0.1.0"
dependencies = [
 "proconio",
]

[[package]]
name = "abc073"
version = "0.1.0"
dependencies = [
 "proconio",
]

[[package]]
name = "abc074"
version = "0.1.0"
dependencies = [
 "proconio",
]

[[package]]
name = "abc075"
version = "0.1.0"
dependencies = [
 "proconio",
]

[[package]]
name = "abc076"
version = "0.1.0"
dependencies = [
 "proconio",
]

[[package]]
name = "abc077"
version = "0.1.0"
dependencies = [
 "proconio",
]

[[package]]
name = "abc078"
version = "0.1.0"
dependencies = [
 "proconio",
]

[[package]]
name = "abc079"
version = "0.1.0"
dependencies = [
 "proconio",
]

[[package]]
name = "abc080"
version = "0.1.0"
dependencies = [
 "proconio",
]

[[package]]
name = "abc081"
version = "0.1.0"
dependencies = [
 "proconio",
]

[[package]]
name = "abc082"
version = "0.1.0"
dependencies = [
 "proconio",
]

[[package]]
name = "abc083"
version = "0.1.0"
dependencies = [
 "proconio",
]

[[package]]
name = "abc084"
version = "0.1.0"
dependencies = [
 "proconio",
]

[[package]]
name = "abc085"
version = "0.1.0"
dependencies = [
 "proconio",
]

[[package]]
name = "abc086"
version = "0.1.0"
dependencies = [
 "proconio",
]

[[package]]
name = "abc087"
version = "0.1.0"
dependencies = [
 "proconio",
]

[[package]]
name = "abc088"
version = "0.1.0"
dependencies = [
 "proconio",
]

[[package]]
name = "abc089"
version = "0.1.0"
dependencies = [
 "proconio",
]

[[package]]
name = "abc090"
version = "0.1.0"
dependencies = [
 "proconio",
]

[[package]]
name = "abc091"
version = "0.1.0"
dependencies = [
 "proconio",
]

[[package]]
name = "abc092"
version = "0.1.0"
dependencies = [
 "proconio",
]

[[package]]
name = "abc093"
version = "0.1.0"
dependencies = [
 "proconio",
]

[[package]]
name = "abc094"
version = "0.1.0"
dependencies = [
 "proconio",
]

[[package]]
name = "abc095"
version = "0.1.0"
dependencies = [
 "proconio",
]

[[package]]
name = "abc096"
version = "0.1.0"
dependencies = [
 "proconio",
]

[[package]]
name = "abc097"
version = "0.1.0"
dependencies = [
 "proconio",
]

[[package]]
name = "abc098"
version = "0.1.0"
dependencies = [
 "proconio",
]

[[package]]
name = "abc099"
version = "0.1.0"
dependencies = [
 "proconio",
]

[[package]]
name = "abc100"
version = "0.1.0"
dependencies = [
 "proconio",
]

[[package]]
name = "abc101"
version = "0.1.0"
dependencies = [
 "proconio",
]

[[package]]
name = "abc102"
version = "0.1.0"
dependencies = [
 "proconio",
]

[[package]]
name = "abc103"
version = "0.1.0"
dependencies = [
 "proconio",
]

[[package]]
name = "abc104"
version = "0.1.0"
dependencies = [
 "proconio",
]

[[package]]
name = "abc105"
version = "0.1.0"
dependencies = [
 "proconio",
]

[[package]]
name = "abc106"
version = "0.1.0"
dependencies = [
 "proconio",
]

[[package]]
name = "abc107"
version = "0.1.0"
dependencies = [
 "proconio",
]

[[package]]
name = "abc108"
version = "0.1.0"
dependencies = [
 "proconio",
]

[[package]]
name = "abc109"
version = "0.1.0"
dependencies = [
 "proconio",
]

[[package]]
name = "abc110"
version = "0.1.0"
dependencies = [
 "proconio",
]

[[package]]
name = "abc111"
version = "0.1.0"
dependencies = [
 "proconio",
]

[[package]]
name = "abc112"
version = "0.1.0"
dependencies = [
 "proconio",
]

[[package]]
name = "abc113"
version = "0.1.0"
dependencies = [
 "proconio",
]

[[package]]
name = "abc114"
version = "0.1.0"
dependencies = [
 "proconio",
]

[[package]]
name = "abc115"
version = "0.1.0"
dependencies = [
 "proconio",
]

[[package]]
name = "abc116"
version = "0.1.0"
dependencies = [
 "proconio",
]

[[package]]
name = "abc117"
version = "0.1.0"
dependencies = [
 "proconio",
]

[[package]]
name = "abc118"
version = "0.1.0"
dependencies = [
 "proconio",
]

[[package]]
name = "abc119"
version = "0.1.0"
dependencies = [
 "proconio",
]

[[package]]
name = "abc120"
version = "0.1.0"
dependencies = [
 "proconio",
]

[[package]]
name = "abc121"
version = "0.1.0"
dependencies = [
 "proconio",
]

[[package]]
name = "abc122"
version = "0.1.0"
dependencies = [
 "proconio",
]

[[package]]
name = "abc123"
version = "0.1.0"
dependencies = [
 "proconio",
]

[[package]]
name = "abc124"
version = "0.1.0"
dependencies = [
 "proconio",
]

[[package]]
name = "abc125"
version = "0.1.0"
dependencies = [
 "proconio",
]

[[package]]
name = "abc126"
version = "0.1.0"
dependencies = [
 "proconio",
]

[[package]]
name = "abc127"
version = "0.1.0"
dependencies = [
 "proconio",
]

[[package]]
name = "abc128"
version = "0.1.0"
dependencies = [
 "proconio",
]

[[package]]
name = "abc129"
version = "0.1.0"
dependencies = [
 "proconio",
]

[[package]]
name = "abc130"
version = "0.1.0"
dependencies = [
 "proconio",
]

[[package]]
name = "abc131"
version = "0.1.0"
dependencies = [
 "proconio",
]

[[package]]
name = "abc132"
version = "0.1.0"
dependencies = [
 "proconio",
]

[[package]]
name = "abc133"
version = "0.1.0"
dependencies = [
 "proconio",
]

[[package]]
name = "abc134"
version = "0.1.0"
dependencies = [
 "proconio",
]

[[package]]
name = "abc135"
version = "0.1.0"
dependencies = [
 "proconio",
]

[[package]]
name = "abc136"
version = "0.1.0"
dependencies = [
 "proconio",
]

[[package]]
name = "abc137"
version = "0.1.0"
dependencies = [
 "proconio",
]

[[package]]
name = "abc138"
version = "0.1.0"
dependencies = [
 "proconio",
]

[[package]]
name = "abc139"
version = "0.1.0"
dependencies = [
 "proconio",
]

[[package]]
name = "abc140"
version = "0.1.0"
dependencies = [
 "proconio",
]

[[package]]
name = "abc141"
version = "0.1.0"
dependencies = [
 "proconio",
]

[[package]]
name = "abc142"
version = "0.1.0"
dependencies = [
 "proconio",
]

[[package]]
name = "abc143"
version = "0.1.0"
dependencies = [
 "proconio",
]

[[package]]
name = "abc144"
version = "0.1.0"
dependencies = [
 "proconio",
]

[[package]]
name = "abc145"
version = "0.1.0"
dependencies = [
 "proconio",
]

[[package]]
name = "abc146"
version = "0.1.0"
dependencies = [
 "proconio",
]

[[package]]
name = "abc147"
version = "0.1.0"
dependencies = [
 "proconio",
]

[[package]]
name = "abc148"
version = "0.1.0"
dependencies = [
 "proconio",
]

[[package]]
name = "abc149"
version = "0.1.0"
dependencies = [
 "proconio",
]

[[package]]
name = "abc150"
version = "0.1.0"
dependencies = [
 "proconio",
]

[[package]]
name = "abc151"
version = "0.1.0"
dependencies = [
 "proconio",
]

[[package]]
name = "abc152"
version = "0.1.0"
dependencies = [
 "proconio",
]

[[package]]
name = "abc153"
version = "0.1.0"
dependencies = [
 "proconio",
]

[[package]]
name = "abc154"
version = "0.1.0"
dependencies = [
 "proconio",
]

[[package]]
name = "abc155"
version = "0.1.0"
dependencies = [
 "proconio",
]

[[package]]
name = "abc156"
version = "0.1.0"
dependencies = [
 "proconio",
]

[[package]]
name = "abc157"
version = "0.1.0"
dependencies = [
 "proconio",
]

[[package]]
name = "abc158"
version = "0.1.0"
dependencies = [
 "proconio",
]

[[package]]
name = "abc159"
version = "0.1.0"
dependencies = [
 "proconio",
]

[[package]]
name = "abc160"
version = "0.1.0"
dependencies = [
 "proconio",
]

[[package]]
name = "abc161"
version = "0.1.0"
dependencies = [
 "proconio",
]

[[package]]
name = "abc162"
version = "0.1.0"
dependencies = [
 "proconio",
]

[[package]]
name = "abc163"
version = "0.1.0"
dependencies = [
 "proconio",
]

[[package]]
name = "abc164"
version = "0.1.0"
dependencies = [
 "proconio",
]

[[package]]
name = "abc165"
version = "0.1.0"
dependencies = [
 "proconio",
]

[[package]]
name = "abc166"
version = "0.1.0"
dependencies = [
 "proconio",
]

[[package]]
name = "abc167"
version = "0.1.0"
dependencies = [
 "proconio",
]

[[package]]
name = "abc168"
version = "0.1.0"
dependencies = [
 "proconio",
]

[[package]]
name = "abc169"
version = "0.1.0"
dependencies = [
 "proconio",
]

[[package]]
name = "abc170"
version = "0.1.0"
dependencies = [
 "proconio",
]

[[package]]
name = "abc171"
version = "0.1.0"
dependencies = [
 "proconio",
]

[[package]]
name = "abc172"
version = "0.1.0"
dependencies = [
 "proconio",
]

[[package]]
name = "abc173"
version = "0.1.0"
dependencies = [
 "proconio",
]

[[package]]
name = "abc174"
version = "0.1.0"
dependencies = [
 "proconio",
]

[[package]]
name = "abc175"
version = "0.1.0"
dependencies = [
 "proconio",
]

[[package]]
name = "abc176"
version = "0.1.0"
dependencies = [
 "proconio",
]

[[package]]
name = "abc177"
version = "0.1.0"
dependencies = [
 "proconio",
]

[[package]]
name = "abc178"
version = "0.1.0"
dependencies = [
 "proconio",
]

[[package]]
name = "abc179"
version = "0.1.0"
dependencies = [
 "proconio",
]

[[package]]
name = "abc180"
version = "0.1.0"
dependencies = [
 "proconio",
]

[[package]]
name = "abc181"
version = "0.1.0"
dependencies = [
 "proconio",
]

[[package]]
name = "abc182"
version = "0.1.0"
dependencies = [
 "proconio",
]

[[package]]
name = "abc183"
version = "0.1.0"
dependencies = [
 "proconio",
]

[[package]]
name = "abc184"
version = "0.1.0"
dependencies = [
 "proconio",
]

[[package]]
name = "abc185"
version = "0.1.0"
dependencies = [
 "proconio",
]

[[package]]
name = "abc186"
version = "0.1.0"
dependencies = [
 "proconio",
]

[[package]]
name = "abc187"
version = "0.1.0"
dependencies = [
 "proconio",
]

[[package]]
name = "abc188"
version = "0.1.0"
dependencies = [
 "proconio",
]

[[package]]
name = "abc189"
version = "0.1.0"
dependencies = [
 "proconio",
]

[[package]]
name = "abc190"
version = "0.1.0"
dependencies = [
 "proconio",
]

[[package]]
name = "abc191"
version = "0.1.0"
dependencies = [
 "proconio",
]

[[package]]
name = "abc192"
version = "0.1.0"
dependencies = [
 "proconio",
]

[[package]]
name = "abc193"
version = "0.1.0"
dependencies = [
 "proconio",
]

[[package]]
name = "abc194"
version = "0.1.0"
dependencies = [
 "proconio",
]

[[package]]
name = "abc195"
version = "0.1.0"
dependencies = [
 "proconio",
]

[[package]]
name = "abc196"
version = "0.1.0"
dependencies = [
 "proconio",
]

[[package]]
name = "abc197"
version = "0.1.0"
dependencies = [
 "proconio",
]

[[package]]
name = "abc198"
version = "0.1.0"
dependencies = [
 "proconio",
]

[[package]]
name = "abc199"
version = "0.1.0"
dependencies = [
 "proconio",
]

[[package]]
name = "abc200"
version = "0.1.0"
dependencies = [
 "proconio",
]

[[package]]
name = "abc201"
version = "0.1.0"
dependencies = [
 "proconio",
]

[[package]]
name = "abc202"
version = "0.1.0"
dependencies = [
 "proconio",
]

[[package]]
name = "abc203"
version = "0.1.0"
dependencies = [
 "proconio",
]

[[package]]
name = "abc204"
version = "0.1.0"
dependencies = [
 "proconio",
]

[[package]]
name = "abc205"
version = "0.1.0"
dependencies = [
 "proconio",
]

[[package]]
name = "abc206"
version = "0.1.0"
dependencies = [
 "proconio",
]

[[package]]
name = "abc207"
version = "0.1.0"
dependencies = [
 "proconio",
]

[[package]]
name = "abc208"
version = "0.1.0"
dependencies = [
 "proconio",
]

[[package]]
name = "abc209"
version = "0.1.0"
dependencies = [
 "proconio",
]

[[package]]
name = "abc210"
version = "0.1.0"
dependencies = [
 "proconio",
]

[[package]]
name = "abc211"
version = "0.1.0"
dependencies = [
 "proconio",
]

[[package]]
name = "abc212"
version = "0.1.0"
dependencies = [
 "proconio",
]

[[package]]
name = "abc213"
version = "0.1.0"
dependencies = [
 "proconio",
]

[[package]]
name = "abc214"
version = "0.1.0"
dependencies = [
 "proconio",
]

[[package]]
name = "abc215"
version = "0.1.0"
dependencies = [
 "proconio",
]

[[package]]
name = "abc216"
version = "0.1.0"
dependencies = [
 "proconio",
]

[[package]]
name = "abc217"
version = "0.1.0"
dependencies = [
 "proconio",
]

[[package]]
name = "abc218"
version = "0.1.0"
dependencies = [
 "proconio",
]

[[package]]
name = "abc219"
version = "0.1.0"
dependencies = [
 "proconio",
]

[[package]]
name = "abc220"
version = "0.1.0"
dependencies = [
 "proconio",
]

[[package]]
name = "abc221"
version = "0.1.0"
dependencies = [
 "proconio",
]

[[package]]
name = "abc222"
version = "0.1.0"
dependencies = [
 "proconio",
]

[[package]]
name = "abc223"
version = "0.1.0"
dependencies = [
 "proconio",
]

[[package]]
name = "abc224"
version = "0.1.0"
dependencies = [
 "proconio",
]

[[package]]
name = "abc225"
version = "0.1.0"
dependencies = [
 "proconio",
]

[[package]]
name = "abc226"
version = "0.1.0"
dependencies = [
 "proconio",
]

[[package]]
name = "abc227"
version = "0.1.0"
dependencies = [
 "proconio",
]

[[package]]
name = "abc228"
version = "0.1.0"
dependencies = [
 "proconio",
]

[[package]]
name = "abc229"
version = "0.1.0"
dependencies = [
 "proconio",
]

[[package]]
name = "abc230"
version = "0.1.0"
dependencies = [
 "proconio",
]

[[package]]
name = "abc231"
version = "0.1.0"
dependencies = [
 "proconio",
]

[[package]]
name = "abc232"
version = "0.1.0"
dependencies = [
 "proconio",
]

[[package]]
name = "abc233"
version = "0.1.0"
dependencies = [
 "proconio",
]

[[package]]
name = "abc234"
version = "0.1.0"
dependencies = [
 "proconio",
]

[[package]]
name = "abc235"
version = "0.1.0"
dependencies = [
 "proconio",
]

[[package]]
name = "abc236"
version = "0.1.0"
dependencies = [
 "proconio",
]

[[package]]
name = "abc237"
version = "0.1.0"
dependencies = [
 "proconio",
]

[[package]]
name = "abc238"
version = "0.1.0"
dependencies = [
 "proconio",
]

[[package]]
name = "abc239"
version = "0.1.0"
dependencies = [
 "proconio",
]

[[package]]
name = "abc240"
version = "0.1.0"
dependencies = [
 "proconio",
]

[[package]]
name = "abc241"
version = "0.1.0"
dependencies = [
 "proconio",
]

[[package]]
name = "abc242"
version = "0.1.0"
dependencies = [
 "proconio",
]

[[package]]
name = "abc243"
version = "0.1.0"
dependencies = [
 "proconio",
]

[[package]]
name = "abc244"
version = "0.1.0"
dependencies = [
 "proconio",
]

[[package]]
name = "abc245"
version = "0.1.0"
dependencies = [
 "proconio",
]

[[package]]
name = "abc246"
version = "0.1.0"
dependencies = [
 "proconio",
]

[[package]]
name = "abc247"
version = "0.1.0"
dependencies = [
 "proconio",
]

[[package]]
name = "abc248"
version = "0.1.0"
dependencies = [
 "proconio",
]

[[package]]
name = "abc249"
version = "0.1.0"
dependencies = [
 "proconio",
]

[[package]]
name = "abc250"
version = "0.1.0"
dependencies = [
 "proconio",
]

[[package]]
name = "abc251"
version = "0.1.0"
dependencies = [
 "proconio",
]

[[package]]
name = "abc252"
version = "0.1.0"
dependencies = [
 "proconio",
]

[[package]]
name = "abc253"
version = "0.1.0"
dependencies = [
 "proconio",
]

[[package]]
name = "abc254"
version = "0.1.0"
dependencies = [
 "proconio",
]

[[package]]
name = "abc255"
version = "0.1.0"
dependencies = [
 "proconio",
]

[[package]]
name = "abc256"
version = "0.1.0"
dependencies = [
 "proconio",
]

[[package]]
name = "abc257"
version = "0.1.0"
dependencies = [
 "proconio",
]

[[package]]
name = "abc258"
version = "0.1.0"
dependencies = [
 "proconio",
]

[[package]]
name = "abc259"
version = "0.1.0"
dependencies = [
 "proconio",
]

[[package]]
name = "abc260"
version = "0.1.0"
dependencies = [
 "proconio",
]

[[package]]
name = "abc261"
version = "0.1.0"
dependencies = [
 "proconio",
]

[[package]]
name = "abc262"
version = "0.1.0"
dependencies = [
 "proconio",
]

[[package]]
name = "abc263"
version = "0.1.0"
dependencies = [
 "proconio",
]

[[package]]
name = "abc264"
version = "0.1.0"
dependencies = [
 "proconio",
]

[[package]]
name = "abc265"
version = "0.1.0"
dependencies = [
 "proconio",
]

[[package]]
name = "abc266"
version = "0.1.0"
dependencies = [
 "proconio",
]

[[package]]
name = "abc267"
version = "0.1.0"
dependencies = [
 "proconio",
]

[[package]]
name = "abc268"
version = "0.1.0"
dependencies = [
 "proconio",
]

[[package]]
name = "abc269"
version = "0.1.0"
dependencies = [
 "proconio",
]

[[package]]
name = "abc270"
version = "0.1.0"
dependencies = [
 "proconio",
]

[[package]]
name = "abc271"
version = "0.1.0"
dependencies = [
 "proconio",
]

[[package]]
name = "abc272"
version = "0.1.0"
dependencies = [
 "proconio",
]

[[package]]
name = "abc273"
version = "0.1.0"
dependencies = [
 "proconio",
]

[[package]]
name = "abc274"
version = "0.1.0"
dependencies = [
 "proconio",
]

[[package]]
name = "abc275"
version = "0.1.0"
dependencies = [
 "proconio",
]

[[package]]
name = "abc276"
version = "0.1.0"
dependencies = [
 "proconio",
]

[[package]]
name = "abc277"
version = "0.1.0"
dependencies = [
 "proconio",
]

[[package]]
name = "abc278"
version = "0.1.0"
dependencies = [
 "proconio",
]

[[package]]
name = "abc279"
version = "0.1.0"
dependencies = [
 "proconio",
]

[[package]]
name = "abc280"
version = "0.1.0"
dependencies = [
 "proconio",
]

[[package]]
name = "abc281"
version = "0.1.0"
dependencies = [
 "proconio",
]

[[package]]
name = "abc282"
version = "0.1.0"
dependencies = [
 "proconio",
]

[[package]]
name = "abc283"
version = "0.1.0"
dependencies = [
 "proconio",
]

[[package]]
name = "abc284"
version = "0.1.0"
dependencies = [
 "proconio",
]

[[package]]
name = "abc285"
version = "0.1.0"
dependencies = [
 "proconio",
]

[[package]]
name = "abc286"
version = "0.1.0"
dependencies = [
 "proconio",
]

[[package]]
name = "abc287"
version = "0.1.0"
dependencies = [
 "proconio",
]

[[package]]
name = "abc288"
version = "0.1.0"
dependencies = [
 "proconio",
]

[[package]]
name = "abc289"
version = "0.1.0"
dependencies = [
 "proconio",
]

[[package]]
name = "abc290"
version = "0.1.0"
dependencies = [
 "proconio",
]

[[package]]
name = "abc291"
version = "0.1.0"
dependencies = [
 "proconio",
]

[[package]]
name = "abc292"
version = "0.1.0"
dependencies = [
 "proconio",
]

[[package]]
name = "abc293"
version = "0.1.0"
dependencies = [
 "proconio",
]

[[package]]
name = "abc294"
version = "0.1.0"
dependencies = [
 "proconio",
]

[[package]]
name = "abc295"
version = "0.1.0"
dependencies = [
 "proconio",
]

[[package]]
name = "abc296"
version = "0.1.0"
dependencies = [
 "proconio",
]

[[package]]
name = "abc297"
version = "0.1.0"
dependencies = [
 "proconio",
]

[[package]]
name = "abc298"
version = "0.1.0"
dependencies = [
 "proconio",
]

[[package]]
name = "abc299"
version = "0.1.0"
dependencies = [
 "proconio",
]

[[package]]
name = "abc300"
version = "0.1.0"
dependencies = [
 "proconio",
]

[[package]]
name = "abc301"
version = "0.1.0"
dependencies = [
 "proconio",
]

[[package]]
name = "abc302"
version = "0.1.0"
dependencies = [
 "proconio",
]

[[package]]
name = "abc303"
version = "0.1.0"
dependencies = [
 "proconio",
]

[[package]]
name = "autocfg"
version = "1.1.0"
source = "registry+https://github.com/rust-lang/crates.io-index"
checksum = "d468802bab17cbc0cc575e9b053f41e72aa36bfa6b7f55e3529ffa43161b97fa"

[[package]]
name = "either"
version = "1.8.1"
source = "registry+https://github.com/rust-lang/crates.io-index"
checksum = "7fcaabb2fef8c910e7f4c7ce9f67a1283a1715879a7c230ca9d6d1ae31f16d91"

[[package]]
name = "itertools"
version = "0.10.5"
source = "registry+https://github.com/rust-lang/crates.io-index"
checksum = "b0fd2260e829bddf4cb6ea802289de2f86d6a7a690192fbe91b3f46e0f2c8473"
dependencies = [
 "either",
]

[[package]]
name = "lazy_static"
version = "1.4.0"
source = "registry+https://github.com/rust-lang/crates.io-index"
checksum = "e2abad23fbc42b3700f2f279844dc832adb2b2eb069b2df918f455c4e18cc646"

[[package]]
name = "num"
version = "0.4.0"
source = "registry+https://github.com/rust-lang/crates.io-index"
checksum = "43db66d1170d347f9a065114077f7dccb00c1b9478c89384490a3425279a4606"
dependencies = [
 "num-bigint",
 "num-complex",
 "num-integer",
 "num-iter",
 "num-rational",
 "num-traits",
]

[[package]]
name = "num-bigint"
version = "0.4.3"
source = "registry+https://github.com/rust-lang/crates.io-index"
checksum = "f93ab6289c7b344a8a9f60f88d80aa20032336fe78da341afc91c8a2341fc75f"
dependencies = [
 "autocfg",
 "num-integer",
 "num-traits",
]

[[package]]
name = "num-complex"
version = "0.4.3"
source = "registry+https://github.com/rust-lang/crates.io-index"
checksum = "02e0d21255c828d6f128a1e41534206671e8c3ea0c62f32291e808dc82cff17d"
dependencies = [
 "num-traits",
]

[[package]]
name = "num-integer"
version = "0.1.45"
source = "registry+https://github.com/rust-lang/crates.io-index"
checksum = "225d3389fb3509a24c93f5c29eb6bde2586b98d9f016636dff58d7c6f7569cd9"
dependencies = [
 "autocfg",
 "num-traits",
]

[[package]]
name = "num-iter"
version = "0.1.43"
source = "registry+https://github.com/rust-lang/crates.io-index"
checksum = "7d03e6c028c5dc5cac6e2dec0efda81fc887605bb3d884578bb6d6bf7514e252"
dependencies = [
 "autocfg",
 "num-integer",
 "num-traits",
]

[[package]]
name = "num-rational"
version = "0.4.1"
source = "registry+https://github.com/rust-lang/crates.io-index"
checksum = "0638a1c9d0a3c0914158145bc76cff373a75a627e6ecbfb71cbe6f453a5a19b0"
dependencies = [
 "autocfg",
 "num-bigint",
 "num-integer",
 "num-traits",
]

[[package]]
name = "num-traits"
version = "0.2.15"
source = "registry+https://github.com/rust-lang/crates.io-index"
checksum = "578ede34cf02f8924ab9447f50c28075b4d3e5b269972345e7e0372b38c6cdcd"
dependencies = [
 "autocfg",
]

[[package]]
name = "proconio"
version = "0.4.3"
source = "registry+https://github.com/rust-lang/crates.io-index"
checksum = "91c333be3af2936f8e810300bc74fe4d0cc168ebc04ab02a28c5b1060fa1bd59"
dependencies = [
 "lazy_static",
]
