# This file is automatically @generated by Cargo.
# It is not intended for manual editing.
version = 3

[[package]]
name = "abc001"
version = "0.1.0"
dependencies = [
 "itertools",
 "num",
 "proconio",
]

[[package]]
name = "abc002"
version = "0.1.0"
dependencies = [
 "itertools",
 "num",
 "proconio",
]

[[package]]
name = "abc003"
version = "0.1.0"
dependencies = [
 "itertools",
 "num",
 "proconio",
]

[[package]]
name = "abc004"
version = "0.1.0"
dependencies = [
 "itertools",
 "num",
 "proconio",
]

[[package]]
name = "abc005"
version = "0.1.0"
dependencies = [
 "itertools",
 "num",
 "proconio",
]

[[package]]
name = "abc006"
version = "0.1.0"
dependencies = [
 "itertools",
 "num",
 "proconio",
]

[[package]]
name = "abc007"
version = "0.1.0"
dependencies = [
 "itertools",
 "num",
 "proconio",
]

[[package]]
name = "abc008"
version = "0.1.0"
dependencies = [
 "itertools",
 "num",
 "proconio",
]

[[package]]
name = "abc009"
version = "0.1.0"
dependencies = [
 "itertools",
 "num",
 "proconio",
]

[[package]]
name = "abc010"
version = "0.1.0"
dependencies = [
 "itertools",
 "num",
 "proconio",
]

[[package]]
name = "abc011"
version = "0.1.0"
dependencies = [
 "itertools",
 "num",
 "proconio",
]

[[package]]
name = "abc012"
version = "0.1.0"
dependencies = [
 "itertools",
 "num",
 "proconio",
]

[[package]]
name = "abc013"
version = "0.1.0"
dependencies = [
 "itertools",
 "num",
 "proconio",
]

[[package]]
name = "abc014"
version = "0.1.0"
dependencies = [
 "itertools",
 "num",
 "proconio",
]

[[package]]
name = "abc015"
version = "0.1.0"
dependencies = [
 "itertools",
 "num",
 "proconio",
]

[[package]]
name = "abc016"
version = "0.1.0"
dependencies = [
 "itertools",
 "num",
 "proconio",
]

[[package]]
name = "abc017"
version = "0.1.0"
dependencies = [
 "itertools",
 "num",
 "proconio",
]

[[package]]
name = "abc018"
version = "0.1.0"
dependencies = [
 "itertools",
 "num",
 "proconio",
 "proptest",
]

[[package]]
name = "abc019"
version = "0.1.0"
dependencies = [
 "itertools",
 "num",
 "proconio",
]

[[package]]
name = "abc020"
version = "0.1.0"
dependencies = [
 "itertools",
 "num",
 "proconio",
]

[[package]]
name = "abc021"
version = "0.1.0"
dependencies = [
 "itertools",
 "num",
 "proconio",
]

[[package]]
name = "abc022"
version = "0.1.0"
dependencies = [
 "itertools",
 "num",
 "proconio",
]

[[package]]
name = "abc023"
version = "0.1.0"
dependencies = [
 "itertools",
 "num",
 "proconio",
]

[[package]]
name = "abc024"
version = "0.1.0"
dependencies = [
 "itertools",
 "num",
 "proconio",
]

[[package]]
name = "abc025"
version = "0.1.0"
dependencies = [
 "itertools",
 "num",
 "proconio",
]

[[package]]
name = "abc026"
version = "0.1.0"
dependencies = [
 "itertools",
 "num",
 "proconio",
]

[[package]]
name = "abc027"
version = "0.1.0"
dependencies = [
 "itertools",
 "num",
 "proconio",
]

[[package]]
name = "abc028"
version = "0.1.0"
dependencies = [
 "itertools",
 "num",
 "proconio",
]

[[package]]
name = "abc029"
version = "0.1.0"
dependencies = [
 "itertools",
 "num",
 "proconio",
]

[[package]]
name = "abc030"
version = "0.1.0"
dependencies = [
 "itertools",
 "num",
 "proconio",
]

[[package]]
name = "abc031"
version = "0.1.0"
dependencies = [
 "itertools",
 "proconio",
]

[[package]]
name = "abc032"
version = "0.1.0"
dependencies = [
 "itertools",
 "num",
 "proconio",
]

[[package]]
name = "abc033"
version = "0.1.0"
dependencies = [
 "itertools",
 "proconio",
]

[[package]]
name = "abc034"
version = "0.1.0"
dependencies = [
 "itertools",
 "proconio",
]

[[package]]
name = "abc035"
version = "0.1.0"
dependencies = [
 "itertools",
 "proconio",
]

[[package]]
name = "abc036"
version = "0.1.0"
dependencies = [
 "itertools",
 "proconio",
]

[[package]]
name = "abc037"
version = "0.1.0"
dependencies = [
 "itertools",
 "proconio",
]

[[package]]
name = "abc038"
version = "0.1.0"
dependencies = [
 "itertools",
 "proconio",
]

[[package]]
name = "abc039"
version = "0.1.0"
dependencies = [
 "itertools",
 "proconio",
]

[[package]]
name = "abc040"
version = "0.1.0"
dependencies = [
 "itertools",
 "proconio",
]

[[package]]
name = "abc041"
version = "0.1.0"
dependencies = [
 "itertools",
 "proconio",
]

[[package]]
name = "abc042"
version = "0.1.0"
dependencies = [
 "itertools",
 "proconio",
]

[[package]]
name = "abc043"
version = "0.1.0"
dependencies = [
 "itertools",
 "proconio",
]

[[package]]
name = "abc044"
version = "0.1.0"
dependencies = [
 "itertools",
 "proconio",
]

[[package]]
name = "abc045"
version = "0.1.0"
dependencies = [
 "itertools",
 "proconio",
]

[[package]]
name = "abc046"
version = "0.1.0"
dependencies = [
 "itertools",
 "num",
 "proconio",
]

[[package]]
name = "abc047"
version = "0.1.0"
dependencies = [
 "itertools",
 "proconio",
]

[[package]]
name = "abc048"
version = "0.1.0"
dependencies = [
 "itertools",
 "proconio",
]

[[package]]
name = "abc049"
version = "0.1.0"
dependencies = [
 "itertools",
 "proconio",
]

[[package]]
name = "abc050"
version = "0.1.0"
dependencies = [
 "itertools",
 "proconio",
]

[[package]]
name = "abc051"
version = "0.1.0"
dependencies = [
 "itertools",
 "proconio",
]

[[package]]
name = "abc052"
version = "0.1.0"
dependencies = [
 "itertools",
 "proconio",
]

[[package]]
name = "abc053"
version = "0.1.0"
dependencies = [
 "itertools",
 "proconio",
]

[[package]]
name = "abc054"
version = "0.1.0"
dependencies = [
 "itertools",
 "proconio",
]

[[package]]
name = "abc055"
version = "0.1.0"
dependencies = [
 "itertools",
 "proconio",
]

[[package]]
name = "abc056"
version = "0.1.0"
dependencies = [
 "itertools",
 "proconio",
]

[[package]]
name = "abc057"
version = "0.1.0"
dependencies = [
 "itertools",
 "proconio",
]

[[package]]
name = "abc058"
version = "0.1.0"
dependencies = [
 "itertools",
 "proconio",
]

[[package]]
name = "abc059"
version = "0.1.0"
dependencies = [
 "itertools",
 "proconio",
]

[[package]]
name = "abc060"
version = "0.1.0"
dependencies = [
 "itertools",
 "num",
 "proconio",
]

[[package]]
name = "abc061"
version = "0.1.0"
dependencies = [
 "itertools",
 "proconio",
]

[[package]]
name = "abc062"
version = "0.1.0"
dependencies = [
 "itertools",
 "proconio",
]

[[package]]
name = "abc063"
version = "0.1.0"
dependencies = [
 "proconio",
]

[[package]]
name = "abc064"
version = "0.1.0"
dependencies = [
 "proconio",
]

[[package]]
name = "abc065"
version = "0.1.0"
dependencies = [
 "itertools",
 "proconio",
]

[[package]]
name = "abc066"
version = "0.1.0"
dependencies = [
 "proconio",
]

[[package]]
name = "abc067"
version = "0.1.0"
dependencies = [
 "proconio",
]

[[package]]
name = "abc068"
version = "0.1.0"
dependencies = [
 "proconio",
]

[[package]]
name = "abc069"
version = "0.1.0"
dependencies = [
 "proconio",
]

[[package]]
name = "abc070"
version = "0.1.0"
dependencies = [
 "num",
 "proconio",
]

[[package]]
name = "abc071"
version = "0.1.0"
dependencies = [
 "proconio",
]

[[package]]
name = "abc072"
version = "0.1.0"
dependencies = [
 "proconio",
]

[[package]]
name = "abc073"
version = "0.1.0"
dependencies = [
 "proconio",
]

[[package]]
name = "abc074"
version = "0.1.0"
dependencies = [
 "proconio",
]

[[package]]
name = "abc075"
version = "0.1.0"
dependencies = [
 "proconio",
]

[[package]]
name = "abc076"
version = "0.1.0"
dependencies = [
 "proconio",
]

[[package]]
name = "abc077"
version = "0.1.0"
dependencies = [
 "proconio",
]

[[package]]
name = "abc078"
version = "0.1.0"
dependencies = [
 "proconio",
]

[[package]]
name = "abc079"
version = "0.1.0"
dependencies = [
 "proconio",
]

[[package]]
name = "abc080"
version = "0.1.0"
dependencies = [
 "proconio",
]

[[package]]
name = "abc081"
version = "0.1.0"
dependencies = [
 "proconio",
]

[[package]]
name = "abc082"
version = "0.1.0"
dependencies = [
 "proconio",
]

[[package]]
name = "abc083"
version = "0.1.0"
dependencies = [
 "proconio",
]

[[package]]
name = "abc084"
version = "0.1.0"
dependencies = [
 "proconio",
]

[[package]]
name = "abc085"
version = "0.1.0"
dependencies = [
 "proconio",
]

[[package]]
name = "abc086"
version = "0.1.0"
dependencies = [
 "proconio",
]

[[package]]
name = "abc087"
version = "0.1.0"
dependencies = [
 "proconio",
]

[[package]]
name = "abc088"
version = "0.1.0"
dependencies = [
 "proconio",
]

[[package]]
name = "abc089"
version = "0.1.0"
dependencies = [
 "proconio",
]

[[package]]
name = "abc090"
version = "0.1.0"
dependencies = [
 "proconio",
]

[[package]]
name = "abc091"
version = "0.1.0"
dependencies = [
 "proconio",
]

[[package]]
name = "abc092"
version = "0.1.0"
dependencies = [
 "proconio",
]

[[package]]
name = "abc093"
version = "0.1.0"
dependencies = [
 "proconio",
]

[[package]]
name = "abc094"
version = "0.1.0"
dependencies = [
 "proconio",
]

[[package]]
name = "abc095"
version = "0.1.0"
dependencies = [
 "proconio",
]

[[package]]
name = "abc096"
version = "0.1.0"
dependencies = [
 "proconio",
]

[[package]]
name = "abc097"
version = "0.1.0"
dependencies = [
 "proconio",
]

[[package]]
name = "abc098"
version = "0.1.0"
dependencies = [
 "proconio",
]

[[package]]
name = "abc099"
version = "0.1.0"
dependencies = [
 "proconio",
]

[[package]]
name = "abc100"
version = "0.1.0"
dependencies = [
 "proconio",
]

[[package]]
name = "abc101"
version = "0.1.0"
dependencies = [
 "proconio",
]

[[package]]
name = "abc102"
version = "0.1.0"
dependencies = [
 "proconio",
]

[[package]]
name = "abc103"
version = "0.1.0"
dependencies = [
 "proconio",
]

[[package]]
name = "abc104"
version = "0.1.0"
dependencies = [
 "itertools",
 "proconio",
]

[[package]]
name = "abc105"
version = "0.1.0"
dependencies = [
 "proconio",
]

[[package]]
name = "abc106"
version = "0.1.0"
dependencies = [
 "proconio",
]

[[package]]
name = "abc107"
version = "0.1.0"
dependencies = [
 "proconio",
]

[[package]]
name = "abc108"
version = "0.1.0"
dependencies = [
 "proconio",
]

[[package]]
name = "abc109"
version = "0.1.0"
dependencies = [
 "num",
 "proconio",
]

[[package]]
name = "abc110"
version = "0.1.0"
dependencies = [
 "proconio",
]

[[package]]
name = "abc111"
version = "0.1.0"
dependencies = [
 "proconio",
]

[[package]]
name = "abc112"
version = "0.1.0"
dependencies = [
 "proconio",
]

[[package]]
name = "abc113"
version = "0.1.0"
dependencies = [
 "proconio",
]

[[package]]
name = "abc114"
version = "0.1.0"
dependencies = [
 "itertools",
 "proconio",
]

[[package]]
name = "abc115"
version = "0.1.0"
dependencies = [
 "proconio",
]

[[package]]
name = "abc116"
version = "0.1.0"
dependencies = [
 "proconio",
]

[[package]]
name = "abc117"
version = "0.1.0"
dependencies = [
 "proconio",
]

[[package]]
name = "abc118"
version = "0.1.0"
dependencies = [
 "num",
 "proconio",
]

[[package]]
name = "abc119"
version = "0.1.0"
dependencies = [
 "itertools",
 "proconio",
]

[[package]]
name = "abc120"
version = "0.1.0"
dependencies = [
 "proconio",
]

[[package]]
name = "abc121"
version = "0.1.0"
dependencies = [
 "proconio",
]

[[package]]
name = "abc122"
version = "0.1.0"
dependencies = [
 "proconio",
]

[[package]]
name = "abc123"
version = "0.1.0"
dependencies = [
 "proconio",
]

[[package]]
name = "abc124"
version = "0.1.0"
dependencies = [
 "proconio",
]

[[package]]
name = "abc125"
version = "0.1.0"
dependencies = [
 "num",
 "proconio",
]

[[package]]
name = "abc126"
version = "0.1.0"
dependencies = [
 "proconio",
]

[[package]]
name = "abc127"
version = "0.1.0"
dependencies = [
 "proconio",
]

[[package]]
name = "abc128"
version = "0.1.0"
dependencies = [
 "itertools",
 "proconio",
]

[[package]]
name = "abc129"
version = "0.1.0"
dependencies = [
 "proconio",
]

[[package]]
name = "abc130"
version = "0.1.0"
dependencies = [
 "proconio",
]

[[package]]
name = "abc131"
version = "0.1.0"
dependencies = [
 "num",
 "proconio",
]

[[package]]
name = "abc132"
version = "0.1.0"
dependencies = [
 "proconio",
]

[[package]]
name = "abc133"
version = "0.1.0"
dependencies = [
 "proconio",
]

[[package]]
name = "abc134"
version = "0.1.0"
dependencies = [
 "proconio",
]

[[package]]
name = "abc135"
version = "0.1.0"
dependencies = [
 "proconio",
]

[[package]]
name = "abc136"
version = "0.1.0"
dependencies = [
 "proconio",
]

[[package]]
name = "abc137"
version = "0.1.0"
dependencies = [
 "proconio",
]

[[package]]
name = "abc138"
version = "0.1.0"
dependencies = [
 "proconio",
]

[[package]]
name = "abc139"
version = "0.1.0"
dependencies = [
 "proconio",
]

[[package]]
name = "abc140"
version = "0.1.0"
dependencies = [
 "proconio",
]

[[package]]
name = "abc141"
version = "0.1.0"
dependencies = [
 "proconio",
]

[[package]]
name = "abc142"
version = "0.1.0"
dependencies = [
 "proconio",
]

[[package]]
name = "abc143"
version = "0.1.0"
dependencies = [
 "itertools",
 "proconio",
]

[[package]]
name = "abc144"
version = "0.1.0"
dependencies = [
 "proconio",
]

[[package]]
name = "abc145"
version = "0.1.0"
dependencies = [
 "itertools",
 "proconio",
]

[[package]]
name = "abc146"
version = "0.1.0"
dependencies = [
 "proconio",
]

[[package]]
name = "abc147"
version = "0.1.0"
dependencies = [
 "proconio",
]

[[package]]
name = "abc148"
version = "0.1.0"
dependencies = [
 "proconio",
]

[[package]]
name = "abc149"
version = "0.1.0"
dependencies = [
 "proconio",
]

[[package]]
name = "abc150"
version = "0.1.0"
dependencies = [
 "itertools",
 "proconio",
]

[[package]]
name = "abc151"
version = "0.1.0"
dependencies = [
 "proconio",
]

[[package]]
name = "abc152"
version = "0.1.0"
dependencies = [
 "proconio",
]

[[package]]
name = "abc153"
version = "0.1.0"
dependencies = [
 "proconio",
]

[[package]]
name = "abc154"
version = "0.1.0"
dependencies = [
 "proconio",
]

[[package]]
name = "abc155"
version = "0.1.0"
dependencies = [
 "proconio",
]

[[package]]
name = "abc156"
version = "0.1.0"
dependencies = [
 "proconio",
]

[[package]]
name = "abc157"
version = "0.1.0"
dependencies = [
 "proconio",
]

[[package]]
name = "abc158"
version = "0.1.0"
dependencies = [
 "proconio",
]

[[package]]
name = "abc159"
version = "0.1.0"
dependencies = [
 "proconio",
]

[[package]]
name = "abc160"
version = "0.1.0"
dependencies = [
 "proconio",
]

[[package]]
name = "abc161"
version = "0.1.0"
dependencies = [
 "proconio",
]

[[package]]
name = "abc162"
version = "0.1.0"
dependencies = [
 "num",
 "proconio",
]

[[package]]
name = "abc163"
version = "0.1.0"
dependencies = [
 "proconio",
]

[[package]]
name = "abc164"
version = "0.1.0"
dependencies = [
 "proconio",
]

[[package]]
name = "abc165"
version = "0.1.0"
dependencies = [
 "proconio",
]

[[package]]
name = "abc166"
version = "0.1.0"
dependencies = [
 "proconio",
]

[[package]]
name = "abc167"
version = "0.1.0"
dependencies = [
 "proconio",
]

[[package]]
name = "abc168"
version = "0.1.0"
dependencies = [
 "proconio",
]

[[package]]
name = "abc169"
version = "0.1.0"
dependencies = [
 "proconio",
]

[[package]]
name = "abc170"
version = "0.1.0"
dependencies = [
 "proconio",
]

[[package]]
name = "abc171"
version = "0.1.0"
dependencies = [
 "proconio",
]

[[package]]
name = "abc172"
version = "0.1.0"
dependencies = [
 "proconio",
]

[[package]]
name = "abc173"
version = "0.1.0"
dependencies = [
 "proconio",
]

[[package]]
name = "abc174"
version = "0.1.0"
dependencies = [
 "proconio",
]

[[package]]
name = "abc175"
version = "0.1.0"
dependencies = [
 "itertools",
 "proconio",
]

[[package]]
name = "abc176"
version = "0.1.0"
dependencies = [
 "proconio",
]

[[package]]
name = "abc177"
version = "0.1.0"
dependencies = [
 "proconio",
]

[[package]]
name = "abc178"
version = "0.1.0"
dependencies = [
 "proconio",
]

[[package]]
name = "abc179"
version = "0.1.0"
dependencies = [
 "proconio",
]

[[package]]
name = "abc180"
version = "0.1.0"
dependencies = [
 "proconio",
]

[[package]]
name = "abc181"
version = "0.1.0"
dependencies = [
 "itertools",
 "proconio",
]

[[package]]
name = "abc182"
version = "0.1.0"
dependencies = [
 "proconio",
]

[[package]]
name = "abc183"
version = "0.1.0"
dependencies = [
 "itertools",
 "proconio",
]

[[package]]
name = "abc184"
version = "0.1.0"
dependencies = [
 "proconio",
]

[[package]]
name = "abc185"
version = "0.1.0"
dependencies = [
 "proconio",
]

[[package]]
name = "abc186"
version = "0.1.0"
dependencies = [
 "proconio",
]

[[package]]
name = "abc187"
version = "0.1.0"
dependencies = [
 "itertools",
 "proconio",
]

[[package]]
name = "abc188"
version = "0.1.0"
dependencies = [
 "itertools",
 "proconio",
]

[[package]]
name = "abc189"
version = "0.1.0"
dependencies = [
 "proconio",
]

[[package]]
name = "abc190"
version = "0.1.0"
dependencies = [
 "proconio",
]

[[package]]
name = "abc191"
version = "0.1.0"
dependencies = [
 "proconio",
]

[[package]]
name = "abc192"
version = "0.1.0"
dependencies = [
 "proconio",
]

[[package]]
name = "abc193"
version = "0.1.0"
dependencies = [
 "proconio",
]

[[package]]
name = "abc194"
version = "0.1.0"
dependencies = [
 "proconio",
]

[[package]]
name = "abc195"
version = "0.1.0"
dependencies = [
 "proconio",
]

[[package]]
name = "abc196"
version = "0.1.0"
dependencies = [
 "proconio",
]

[[package]]
name = "abc197"
version = "0.1.0"
dependencies = [
 "itertools",
 "proconio",
]

[[package]]
name = "abc198"
version = "0.1.0"
dependencies = [
 "proconio",
]

[[package]]
name = "abc199"
version = "0.1.0"
dependencies = [
 "itertools",
 "proconio",
]

[[package]]
name = "abc200"
version = "0.1.0"
dependencies = [
 "proconio",
]

[[package]]
name = "abc201"
version = "0.1.0"
dependencies = [
 "proconio",
]

[[package]]
name = "abc202"
version = "0.1.0"
dependencies = [
 "proconio",
]

[[package]]
name = "abc203"
version = "0.1.0"
dependencies = [
 "proconio",
]

[[package]]
name = "abc204"
version = "0.1.0"
dependencies = [
 "proconio",
]

[[package]]
name = "abc205"
version = "0.1.0"
dependencies = [
 "proconio",
]

[[package]]
name = "abc206"
version = "0.1.0"
dependencies = [
 "proconio",
]

[[package]]
name = "abc207"
version = "0.1.0"
dependencies = [
 "itertools",
 "proconio",
]

[[package]]
name = "abc208"
version = "0.1.0"
dependencies = [
 "proconio",
]

[[package]]
name = "abc209"
version = "0.1.0"
dependencies = [
 "proconio",
]

[[package]]
name = "abc210"
version = "0.1.0"
dependencies = [
 "proconio",
]

[[package]]
name = "abc211"
version = "0.1.0"
dependencies = [
 "proconio",
]

[[package]]
name = "abc212"
version = "0.1.0"
dependencies = [
 "proconio",
]

[[package]]
name = "abc213"
version = "0.1.0"
dependencies = [
 "proconio",
]

[[package]]
name = "abc214"
version = "0.1.0"
dependencies = [
 "itertools",
 "proconio",
]

[[package]]
name = "abc215"
version = "0.1.0"
dependencies = [
 "proconio",
]

[[package]]
name = "abc216"
version = "0.1.0"
dependencies = [
 "proconio",
]

[[package]]
name = "abc217"
version = "0.1.0"
dependencies = [
 "proconio",
]

[[package]]
name = "abc218"
version = "0.1.0"
dependencies = [
 "proconio",
]

[[package]]
name = "abc219"
version = "0.1.0"
dependencies = [
 "proconio",
]

[[package]]
name = "abc220"
version = "0.1.0"
dependencies = [
 "proconio",
]

[[package]]
name = "abc221"
version = "0.1.0"
dependencies = [
 "itertools",
 "proconio",
]

[[package]]
name = "abc222"
version = "0.1.0"
dependencies = [
 "proconio",
]

[[package]]
name = "abc223"
version = "0.1.0"
dependencies = [
 "proconio",
]

[[package]]
name = "abc224"
version = "0.1.0"
dependencies = [
 "itertools",
 "proconio",
]

[[package]]
name = "abc225"
version = "0.1.0"
dependencies = [
 "proconio",
]

[[package]]
name = "abc226"
version = "0.1.0"
dependencies = [
 "proconio",
]

[[package]]
name = "abc227"
version = "0.1.0"
dependencies = [
 "proconio",
]

[[package]]
name = "abc228"
version = "0.1.0"
dependencies = [
 "proconio",
]

[[package]]
name = "abc229"
version = "0.1.0"
dependencies = [
 "proconio",
]

[[package]]
name = "abc230"
version = "0.1.0"
dependencies = [
 "proconio",
]

[[package]]
name = "abc231"
version = "0.1.0"
dependencies = [
 "proconio",
]

[[package]]
name = "abc232"
version = "0.1.0"
dependencies = [
 "itertools",
 "proconio",
]

[[package]]
name = "abc233"
version = "0.1.0"
dependencies = [
 "proconio",
]

[[package]]
name = "abc234"
version = "0.1.0"
dependencies = [
 "proconio",
]

[[package]]
name = "abc235"
version = "0.1.0"
dependencies = [
 "proconio",
]

[[package]]
name = "abc236"
version = "0.1.0"
dependencies = [
 "proconio",
]

[[package]]
name = "abc237"
version = "0.1.0"
dependencies = [
 "proconio",
]

[[package]]
name = "abc238"
version = "0.1.0"
dependencies = [
 "proconio",
]

[[package]]
name = "abc239"
version = "0.1.0"
dependencies = [
 "proconio",
]

[[package]]
name = "abc240"
version = "0.1.0"
dependencies = [
 "proconio",
]

[[package]]
name = "abc241"
version = "0.1.0"
dependencies = [
 "proconio",
]

[[package]]
name = "abc242"
version = "0.1.0"
dependencies = [
 "proconio",
]

[[package]]
name = "abc243"
version = "0.1.0"
dependencies = [
 "proconio",
]

[[package]]
name = "abc244"
version = "0.1.0"
dependencies = [
 "proconio",
]

[[package]]
name = "abc245"
version = "0.1.0"
dependencies = [
 "proconio",
]

[[package]]
name = "abc246"
version = "0.1.0"
dependencies = [
 "proconio",
]

[[package]]
name = "abc247"
version = "0.1.0"
dependencies = [
 "proconio",
]

[[package]]
name = "abc248"
version = "0.1.0"
dependencies = [
 "proconio",
]

[[package]]
name = "abc249"
version = "0.1.0"
dependencies = [
 "itertools",
 "proconio",
]

[[package]]
name = "abc250"
version = "0.1.0"
dependencies = [
 "proconio",
]

[[package]]
name = "abc251"
version = "0.1.0"
dependencies = [
 "itertools",
 "proconio",
]

[[package]]
name = "abc252"
version = "0.1.0"
dependencies = [
 "itertools",
 "proconio",
]

[[package]]
name = "abc253"
version = "0.1.0"
dependencies = [
 "num",
 "proconio",
]

[[package]]
name = "abc254"
version = "0.1.0"
dependencies = [
 "proconio",
]

[[package]]
name = "abc255"
version = "0.1.0"
dependencies = [
 "proconio",
]

[[package]]
name = "abc256"
version = "0.1.0"
dependencies = [
 "proconio",
]

[[package]]
name = "abc257"
version = "0.1.0"
dependencies = [
 "proconio",
]

[[package]]
name = "abc258"
version = "0.1.0"
dependencies = [
 "proconio",
]

[[package]]
name = "abc259"
version = "0.1.0"
dependencies = [
 "itertools",
 "proconio",
]

[[package]]
name = "abc260"
version = "0.1.0"
dependencies = [
 "proconio",
]

[[package]]
name = "abc261"
version = "0.1.0"
dependencies = [
 "proconio",
]

[[package]]
name = "abc262"
version = "0.1.0"
dependencies = [
 "proconio",
]

[[package]]
name = "abc263"
version = "0.1.0"
dependencies = [
 "itertools",
 "proconio",
]

[[package]]
name = "abc264"
version = "0.1.0"
dependencies = [
 "proconio",
]

[[package]]
name = "abc265"
version = "0.1.0"
dependencies = [
 "proconio",
]

[[package]]
name = "abc266"
version = "0.1.0"
dependencies = [
 "proconio",
]

[[package]]
name = "abc267"
version = "0.1.0"
dependencies = [
 "itertools",
 "proconio",
]

[[package]]
name = "abc268"
version = "0.1.0"
dependencies = [
 "proconio",
]

[[package]]
name = "abc269"
version = "0.1.0"
dependencies = [
 "proconio",
]

[[package]]
name = "abc270"
version = "0.1.0"
dependencies = [
 "proconio",
]

[[package]]
name = "abc271"
version = "0.1.0"
dependencies = [
 "proconio",
]

[[package]]
name = "abc272"
version = "0.1.0"
dependencies = [
 "itertools",
 "proconio",
]

[[package]]
name = "abc273"
version = "0.1.0"
dependencies = [
 "proconio",
]

[[package]]
name = "abc274"
version = "0.1.0"
dependencies = [
 "proconio",
]

[[package]]
name = "abc275"
version = "0.1.0"
dependencies = [
 "itertools",
 "proconio",
]

[[package]]
name = "abc276"
version = "0.1.0"
dependencies = [
 "num",
 "proconio",
]

[[package]]
name = "abc277"
version = "0.1.0"
dependencies = [
 "proconio",
]

[[package]]
name = "abc278"
version = "0.1.0"
dependencies = [
 "ac-library-rs",
 "proconio",
]

[[package]]
name = "abc279"
version = "0.1.0"
dependencies = [
 "proconio",
]

[[package]]
name = "abc280"
version = "0.1.0"
dependencies = [
 "proconio",
]

[[package]]
name = "abc281"
version = "0.1.0"
dependencies = [
 "proconio",
]

[[package]]
name = "abc282"
version = "0.1.0"
dependencies = [
 "itertools",
 "proconio",
]

[[package]]
name = "abc283"
version = "0.1.0"
dependencies = [
 "proconio",
]

[[package]]
name = "abc284"
version = "0.1.0"
dependencies = [
 "proconio",
]

[[package]]
name = "abc285"
version = "0.1.0"
dependencies = [
 "proconio",
]

[[package]]
name = "abc286"
version = "0.1.0"
dependencies = [
 "proconio",
]

[[package]]
name = "abc287"
version = "0.1.0"
dependencies = [
 "proconio",
]

[[package]]
name = "abc288"
version = "0.1.0"
dependencies = [
 "proconio",
]

[[package]]
name = "abc289"
version = "0.1.0"
dependencies = [
 "proconio",
]

[[package]]
name = "abc290"
version = "0.1.0"
dependencies = [
 "num",
 "proconio",
]

[[package]]
name = "abc291"
version = "0.1.0"
dependencies = [
 "proconio",
]

[[package]]
name = "abc292"
version = "0.1.0"
dependencies = [
 "proconio",
]

[[package]]
name = "abc293"
version = "0.1.0"
dependencies = [
 "proconio",
]

[[package]]
name = "abc294"
version = "0.1.0"
dependencies = [
 "proconio",
]

[[package]]
name = "abc295"
version = "0.1.0"
dependencies = [
 "proconio",
]

[[package]]
name = "abc296"
version = "0.1.0"
dependencies = [
 "proconio",
]

[[package]]
name = "abc297"
version = "0.1.0"
dependencies = [
 "proconio",
]

[[package]]
name = "abc298"
version = "0.1.0"
dependencies = [
 "proconio",
]

[[package]]
name = "abc299"
version = "0.1.0"
dependencies = [
 "proconio",
]

[[package]]
name = "abc300"
version = "0.1.0"
dependencies = [
 "proconio",
]

[[package]]
name = "abc301"
version = "0.1.0"
dependencies = [
 "proconio",
 "proptest",
]

[[package]]
name = "abc302"
version = "0.1.0"
dependencies = [
 "proconio",
 "proptest",
]

[[package]]
name = "abc303"
version = "0.1.0"
dependencies = [
 "proconio",
]

[[package]]
name = "abc304"
version = "0.1.0"
dependencies = [
 "itertools",
 "num",
 "proconio",
]

[[package]]
name = "abc305"
version = "0.1.0"
dependencies = [
 "itertools",
 "num",
 "proconio",
]

[[package]]
name = "abc306"
version = "0.1.0"
dependencies = [
 "itertools",
 "num",
 "proconio",
]

[[package]]
name = "abc307"
version = "0.1.0"
dependencies = [
 "itertools",
 "num",
 "proconio",
]

[[package]]
name = "abc308"
version = "0.1.0"
dependencies = [
 "itertools",
 "num",
 "proconio",
]

[[package]]
name = "abc309"
version = "0.1.0"
dependencies = [
 "itertools",
 "num",
 "proconio",
]

[[package]]
name = "abc310"
version = "0.1.0"
dependencies = [
 "itertools",
 "num",
 "proconio",
]

[[package]]
name = "abc311"
version = "0.1.0"
dependencies = [
 "itertools",
 "num",
 "proconio",
]

[[package]]
name = "abc312"
version = "0.1.0"
dependencies = [
 "itertools",
 "num",
 "proconio",
]

[[package]]
name = "abc313"
version = "0.1.0"
dependencies = [
 "itertools",
 "num",
 "proconio",
]

[[package]]
name = "abc314"
version = "0.1.0"
dependencies = [
 "itertools",
 "num",
 "proconio",
]

[[package]]
name = "abc315"
version = "0.1.0"
dependencies = [
 "itertools",
 "num",
 "proconio",
]

[[package]]
name = "abc317"
version = "0.1.0"
dependencies = [
 "itertools",
 "num",
 "proconio",
]

[[package]]
name = "abc318"
version = "0.1.0"
dependencies = [
 "itertools",
 "num",
 "proconio",
]

[[package]]
name = "abc319"
version = "0.1.0"
dependencies = [
 "itertools",
 "num",
 "proconio",
 "proptest",
]

[[package]]
name = "abc320"
version = "0.1.0"
dependencies = [
 "itertools",
 "num",
 "proconio",
 "proptest",
]

[[package]]
name = "abc321"
version = "0.1.0"
dependencies = [
 "itertools",
 "num",
 "proconio",
 "proptest",
]

[[package]]
name = "abc322"
version = "0.1.0"
dependencies = [
 "itertools",
 "num",
 "proconio",
 "proptest",
]

[[package]]
name = "abc323"
version = "0.1.0"
dependencies = [
 "itertools",
 "num",
 "proconio",
 "proptest",
]

[[package]]
name = "abc324"
version = "0.1.0"
dependencies = [
 "itertools",
 "num",
 "proconio",
 "proptest",
]

[[package]]
name = "abc325"
version = "0.1.0"
dependencies = [
 "itertools",
 "num",
 "proconio",
 "proptest",
]

[[package]]
name = "abc326"
version = "0.1.0"
dependencies = [
 "itertools",
 "num",
 "proconio",
 "proptest",
]

[[package]]
name = "abc327"
version = "0.1.0"
dependencies = [
 "itertools",
 "num",
 "proconio",
 "proptest",
]

[[package]]
name = "abc328"
version = "0.1.0"
dependencies = [
 "itertools",
 "num",
 "proconio",
 "proptest",
]

[[package]]
name = "abc329"
version = "0.1.0"
dependencies = [
 "itertools",
 "num",
 "proconio",
 "proptest",
]

[[package]]
name = "abc330"
version = "0.1.0"
dependencies = [
 "itertools",
 "num",
 "proconio",
 "proptest",
]

[[package]]
name = "abc331"
version = "0.1.0"
dependencies = [
 "itertools",
 "num",
 "proconio",
 "proptest",
]

[[package]]
name = "abc332"
version = "0.1.0"
dependencies = [
 "itertools",
 "num",
 "proconio",
 "proptest",
]

[[package]]
name = "abc333"
version = "0.1.0"
dependencies = [
 "itertools",
 "num",
 "proconio",
 "proptest",
]

[[package]]
name = "abc334"
version = "0.1.0"
dependencies = [
 "itertools",
 "num",
 "proconio",
 "proptest",
]

[[package]]
name = "abc335"
version = "0.1.0"
dependencies = [
 "itertools",
 "num",
 "petgraph",
 "proconio",
 "proptest",
]

[[package]]
name = "abc336"
version = "0.1.0"
dependencies = [
 "itertools",
 "num",
 "proconio",
 "proptest",
]

[[package]]
name = "abc337"
version = "0.1.0"
dependencies = [
 "itertools",
 "num",
 "proconio",
 "proptest",
]

[[package]]
name = "abc338"
version = "0.1.0"
dependencies = [
 "itertools",
 "num",
 "proconio",
 "proptest",
]

[[package]]
name = "abc339"
version = "0.1.0"
dependencies = [
 "ac-library-rs",
 "itertools",
 "num",
 "proconio",
 "proptest",
]

[[package]]
name = "abc340"
version = "0.1.0"
dependencies = [
 "itertools",
 "num",
 "proconio",
 "proptest",
]

[[package]]
name = "abc341"
version = "0.1.0"
dependencies = [
 "itertools",
 "num",
 "proconio",
 "proptest",
]

[[package]]
name = "abc342"
version = "0.1.0"
dependencies = [
 "itertools",
 "num",
 "proconio",
 "proptest",
]

[[package]]
name = "abc343"
version = "0.1.0"
dependencies = [
 "ac-library-rs",
 "itertools",
 "num",
 "proconio",
 "proptest",
]

[[package]]
name = "abc344"
version = "0.1.0"
dependencies = [
 "itertools",
 "num",
 "proconio",
 "proptest",
]

[[package]]
name = "abc345"
version = "0.1.0"
dependencies = [
 "itertools",
 "num",
 "proconio",
 "proptest",
]

[[package]]
name = "abc346"
version = "0.1.0"
dependencies = [
 "itertools",
 "num",
 "proconio",
 "proptest",
]

[[package]]
name = "abc347"
version = "0.1.0"
dependencies = [
 "itertools",
 "num",
 "proconio",
 "proptest",
]

[[package]]
name = "abc348"
version = "0.1.0"
dependencies = [
 "itertools",
 "num",
 "proconio",
 "proptest",
]

[[package]]
name = "abc349"
version = "0.1.0"
dependencies = [
 "itertools",
 "num",
 "proconio",
 "proptest",
]

[[package]]
name = "abc350"
version = "0.1.0"
dependencies = [
 "itertools",
 "num",
 "proconio",
 "proptest",
]

[[package]]
name = "abc351"
version = "0.1.0"
dependencies = [
 "itertools",
 "num",
 "proconio",
 "proptest",
]

[[package]]
name = "abc352"
version = "0.1.0"
dependencies = [
 "itertools",
 "num",
 "proconio",
 "proptest",
]

[[package]]
name = "abc353"
version = "0.1.0"
dependencies = [
 "itertools",
 "num",
 "proconio",
 "proptest",
]

[[package]]
name = "abc354"
version = "0.1.0"
dependencies = [
 "itertools",
 "num",
 "proconio",
 "proptest",
]

[[package]]
name = "abc355"
version = "0.1.0"
dependencies = [
 "itertools",
 "num",
 "proconio",
 "proptest",
]

[[package]]
name = "ac-library-rs"
version = "0.1.1"
source = "registry+https://github.com/rust-lang/crates.io-index"
checksum = "09e1ead7b72f44698f97266946c0576d00c9e2010858f5aba47aa4660177ef73"

[[package]]
name = "agc004"
version = "0.1.0"
dependencies = [
 "itertools",
 "num",
 "proconio",
 "proptest",
]

[[package]]
name = "ahc024"
version = "0.1.0"
dependencies = [
 "itertools",
 "num",
 "proconio",
 "proptest",
]

[[package]]
name = "arc056"
version = "0.1.0"
dependencies = [
 "itertools",
 "num",
 "proconio",
 "proptest",
]

[[package]]
name = "arc057"
version = "0.1.0"
dependencies = [
 "itertools",
 "num",
 "proconio",
 "proptest",
]

[[package]]
name = "arc107"
version = "0.1.0"
dependencies = [
 "itertools",
 "num",
 "proconio",
]

[[package]]
name = "arc122"
version = "0.1.0"
dependencies = [
 "itertools",
 "num",
 "proconio",
]

[[package]]
name = "arc143"
version = "0.1.0"
dependencies = [
 "itertools",
 "num",
 "proconio",
]

[[package]]
name = "arc168"
version = "0.1.0"
dependencies = [
 "itertools",
 "num",
 "proconio",
 "proptest",
]

[[package]]
name = "arc169"
version = "0.1.0"
dependencies = [
 "itertools",
 "num",
 "proconio",
 "proptest",
]

[[package]]
name = "autocfg"
version = "1.1.0"
source = "registry+https://github.com/rust-lang/crates.io-index"
checksum = "d468802bab17cbc0cc575e9b053f41e72aa36bfa6b7f55e3529ffa43161b97fa"

[[package]]
name = "bit-set"
version = "0.5.3"
source = "registry+https://github.com/rust-lang/crates.io-index"
checksum = "0700ddab506f33b20a03b13996eccd309a48e5ff77d0d95926aa0210fb4e95f1"
dependencies = [
 "bit-vec",
]

[[package]]
name = "bit-vec"
version = "0.6.3"
source = "registry+https://github.com/rust-lang/crates.io-index"
checksum = "349f9b6a179ed607305526ca489b34ad0a41aed5f7980fa90eb03160b69598fb"

[[package]]
name = "bitflags"
version = "1.3.2"
source = "registry+https://github.com/rust-lang/crates.io-index"
checksum = "bef38d45163c2f1dde094a7dfd33ccf595c92905c8f8f4fdc18d06fb1037718a"

[[package]]
name = "bitflags"
version = "2.4.0"
source = "registry+https://github.com/rust-lang/crates.io-index"
checksum = "b4682ae6287fcf752ecaabbfcc7b6f9b72aa33933dc23a554d853aea8eea8635"

[[package]]
name = "byteorder"
version = "1.4.3"
source = "registry+https://github.com/rust-lang/crates.io-index"
checksum = "14c189c53d098945499cdfa7ecc63567cf3886b3332b312a5b4585d8d3a6a610"

[[package]]
name = "cc"
version = "1.0.83"
source = "registry+https://github.com/rust-lang/crates.io-index"
checksum = "f1174fb0b6ec23863f8b971027804a42614e347eafb0a95bf0b12cdae21fc4d0"
dependencies = [
 "libc",
]

[[package]]
name = "cfg-if"
version = "1.0.0"
source = "registry+https://github.com/rust-lang/crates.io-index"
checksum = "baf1de4339761588bc0619e3cbc0120ee582ebb74b53b4efbf79117bd2da40fd"

[[package]]
name = "code-festival-2016"
version = "0.1.0"
dependencies = [
 "itertools",
 "num",
 "proconio",
]

[[package]]
name = "code-festival-2017"
version = "0.1.0"
dependencies = [
 "itertools",
 "num",
 "proconio",
 "proptest",
]

[[package]]
name = "code-formula-2014-b"
version = "0.1.0"
dependencies = [
 "itertools",
 "num",
 "proconio",
 "proptest",
]

[[package]]
name = "disco2016"
version = "0.1.0"
dependencies = [
 "itertools",
 "num",
 "proconio",
]

[[package]]
name = "dwacon005"
version = "0.1.0"
dependencies = [
 "itertools",
 "num",
 "proconio",
]

[[package]]
name = "edpc"
version = "0.1.0"
dependencies = [
 "itertools",
 "num",
 "proconio",
 "proptest",
]

[[package]]
name = "either"
version = "1.8.1"
source = "registry+https://github.com/rust-lang/crates.io-index"
checksum = "7fcaabb2fef8c910e7f4c7ce9f67a1283a1715879a7c230ca9d6d1ae31f16d91"

[[package]]
name = "equivalent"
version = "1.0.1"
source = "registry+https://github.com/rust-lang/crates.io-index"
checksum = "5443807d6dff69373d433ab9ef5378ad8df50ca6298caf15de6e52e24aaf54d5"

[[package]]
name = "errno"
version = "0.3.2"
source = "registry+https://github.com/rust-lang/crates.io-index"
checksum = "6b30f669a7961ef1631673d2766cc92f52d64f7ef354d4fe0ddfd30ed52f0f4f"
dependencies = [
 "errno-dragonfly",
 "libc",
 "windows-sys",
]

[[package]]
name = "errno-dragonfly"
version = "0.1.2"
source = "registry+https://github.com/rust-lang/crates.io-index"
checksum = "aa68f1b12764fab894d2755d2518754e71b4fd80ecfb822714a1206c2aab39bf"
dependencies = [
 "cc",
 "libc",
]

[[package]]
name = "fastrand"
version = "2.0.0"
source = "registry+https://github.com/rust-lang/crates.io-index"
checksum = "6999dc1837253364c2ebb0704ba97994bd874e8f195d665c50b7548f6ea92764"

[[package]]
name = "fixedbitset"
version = "0.4.2"
source = "registry+https://github.com/rust-lang/crates.io-index"
checksum = "0ce7134b9999ecaf8bcd65542e436736ef32ddca1b3e06094cb6ec5755203b80"

[[package]]
name = "fnv"
version = "1.0.7"
source = "registry+https://github.com/rust-lang/crates.io-index"
checksum = "3f9eec918d3f24069decb9af1554cad7c880e2da24a9afd88aca000531ab82c1"

[[package]]
name = "gbc"
version = "0.1.0"
dependencies = [
 "itertools",
 "num",
 "proconio",
 "proptest",
]

[[package]]
name = "getrandom"
version = "0.2.10"
source = "registry+https://github.com/rust-lang/crates.io-index"
checksum = "be4136b2a15dd319360be1c07d9933517ccf0be8f16bf62a3bee4f0d618df427"
dependencies = [
 "cfg-if",
 "libc",
 "wasi",
]

[[package]]
name = "hashbrown"
version = "0.14.3"
source = "registry+https://github.com/rust-lang/crates.io-index"
checksum = "290f1a1d9242c78d09ce40a5e87e7554ee637af1351968159f4952f028f75604"

[[package]]
name = "hhkb2020"
version = "0.1.0"
dependencies = [
 "itertools",
 "num",
 "proconio",
]

[[package]]
name = "indeednow-qualb"
version = "0.1.0"
dependencies = [
 "itertools",
 "num",
 "proconio",
]

[[package]]
name = "indexmap"
version = "2.1.0"
source = "registry+https://github.com/rust-lang/crates.io-index"
checksum = "d530e1a18b1cb4c484e6e34556a0d948706958449fca0cab753d649f2bce3d1f"
dependencies = [
 "equivalent",
 "hashbrown",
]

[[package]]
name = "itertools"
version = "0.10.5"
source = "registry+https://github.com/rust-lang/crates.io-index"
checksum = "b0fd2260e829bddf4cb6ea802289de2f86d6a7a690192fbe91b3f46e0f2c8473"
dependencies = [
 "either",
]

[[package]]
name = "jsc2019-qual-b"
version = "0.1.0"
dependencies = [
 "itertools",
 "num",
 "proconio",
 "proptest",
]

[[package]]
name = "lazy_static"
version = "1.4.0"
source = "registry+https://github.com/rust-lang/crates.io-index"
checksum = "e2abad23fbc42b3700f2f279844dc832adb2b2eb069b2df918f455c4e18cc646"

[[package]]
name = "libc"
version = "0.2.147"
source = "registry+https://github.com/rust-lang/crates.io-index"
checksum = "b4668fb0ea861c1df094127ac5f1da3409a82116a4ba74fca2e58ef927159bb3"

[[package]]
name = "libm"
version = "0.2.7"
source = "registry+https://github.com/rust-lang/crates.io-index"
checksum = "f7012b1bbb0719e1097c47611d3898568c546d597c2e74d66f6087edd5233ff4"

[[package]]
name = "linux-raw-sys"
version = "0.4.5"
source = "registry+https://github.com/rust-lang/crates.io-index"
checksum = "57bcfdad1b858c2db7c38303a6d2ad4dfaf5eb53dfeb0910128b2c26d6158503"

[[package]]
name = "num"
version = "0.4.0"
source = "registry+https://github.com/rust-lang/crates.io-index"
checksum = "43db66d1170d347f9a065114077f7dccb00c1b9478c89384490a3425279a4606"
dependencies = [
 "num-bigint",
 "num-complex",
 "num-integer",
 "num-iter",
 "num-rational",
 "num-traits",
]

[[package]]
name = "num-bigint"
version = "0.4.3"
source = "registry+https://github.com/rust-lang/crates.io-index"
checksum = "f93ab6289c7b344a8a9f60f88d80aa20032336fe78da341afc91c8a2341fc75f"
dependencies = [
 "autocfg",
 "num-integer",
 "num-traits",
]

[[package]]
name = "num-complex"
version = "0.4.3"
source = "registry+https://github.com/rust-lang/crates.io-index"
checksum = "02e0d21255c828d6f128a1e41534206671e8c3ea0c62f32291e808dc82cff17d"
dependencies = [
 "num-traits",
]

[[package]]
name = "num-integer"
version = "0.1.45"
source = "registry+https://github.com/rust-lang/crates.io-index"
checksum = "225d3389fb3509a24c93f5c29eb6bde2586b98d9f016636dff58d7c6f7569cd9"
dependencies = [
 "autocfg",
 "num-traits",
]

[[package]]
name = "num-iter"
version = "0.1.43"
source = "registry+https://github.com/rust-lang/crates.io-index"
checksum = "7d03e6c028c5dc5cac6e2dec0efda81fc887605bb3d884578bb6d6bf7514e252"
dependencies = [
 "autocfg",
 "num-integer",
 "num-traits",
]

[[package]]
name = "num-rational"
version = "0.4.1"
source = "registry+https://github.com/rust-lang/crates.io-index"
checksum = "0638a1c9d0a3c0914158145bc76cff373a75a627e6ecbfb71cbe6f453a5a19b0"
dependencies = [
 "autocfg",
 "num-bigint",
 "num-integer",
 "num-traits",
]

[[package]]
name = "num-traits"
version = "0.2.15"
source = "registry+https://github.com/rust-lang/crates.io-index"
checksum = "578ede34cf02f8924ab9447f50c28075b4d3e5b269972345e7e0372b38c6cdcd"
dependencies = [
 "autocfg",
 "libm",
]

[[package]]
name = "petgraph"
version = "0.6.4"
source = "registry+https://github.com/rust-lang/crates.io-index"
checksum = "e1d3afd2628e69da2be385eb6f2fd57c8ac7977ceeff6dc166ff1657b0e386a9"
dependencies = [
 "fixedbitset",
 "indexmap",
]

[[package]]
name = "ppv-lite86"
version = "0.2.17"
source = "registry+https://github.com/rust-lang/crates.io-index"
checksum = "5b40af805b3121feab8a3c29f04d8ad262fa8e0561883e7653e024ae4479e6de"

[[package]]
name = "proconio"
version = "0.4.5"
source = "registry+https://github.com/rust-lang/crates.io-index"
checksum = "0eb404616795079e2390e7115acf0ada24e9332e8476de2aada7bacb9992dc9e"

[[package]]
name = "proptest"
version = "1.2.0"
source = "registry+https://github.com/rust-lang/crates.io-index"
checksum = "4e35c06b98bf36aba164cc17cb25f7e232f5c4aeea73baa14b8a9f0d92dbfa65"
dependencies = [
 "bit-set",
 "bitflags 1.3.2",
 "byteorder",
 "lazy_static",
 "num-traits",
 "rand",
 "rand_chacha",
 "rand_xorshift",
 "regex-syntax",
 "rusty-fork",
 "tempfile",
 "unarray",
]

[[package]]
name = "quick-error"
version = "1.2.3"
source = "registry+https://github.com/rust-lang/crates.io-index"
checksum = "a1d01941d82fa2ab50be1e79e6714289dd7cde78eba4c074bc5a4374f650dfe0"

[[package]]
name = "rand"
version = "0.8.5"
source = "registry+https://github.com/rust-lang/crates.io-index"
checksum = "34af8d1a0e25924bc5b7c43c079c942339d8f0a8b57c39049bef581b46327404"
dependencies = [
 "libc",
 "rand_chacha",
 "rand_core",
]

[[package]]
name = "rand_chacha"
version = "0.3.1"
source = "registry+https://github.com/rust-lang/crates.io-index"
checksum = "e6c10a63a0fa32252be49d21e7709d4d4baf8d231c2dbce1eaa8141b9b127d88"
dependencies = [
 "ppv-lite86",
 "rand_core",
]

[[package]]
name = "rand_core"
version = "0.6.4"
source = "registry+https://github.com/rust-lang/crates.io-index"
checksum = "ec0be4795e2f6a28069bec0b5ff3e2ac9bafc99e6a9a7dc3547996c5c816922c"
dependencies = [
 "getrandom",
]

[[package]]
name = "rand_xorshift"
version = "0.3.0"
source = "registry+https://github.com/rust-lang/crates.io-index"
checksum = "d25bf25ec5ae4a3f1b92f929810509a2f53d7dca2f50b794ff57e3face536c8f"
dependencies = [
 "rand_core",
]

[[package]]
name = "redox_syscall"
version = "0.3.5"
source = "registry+https://github.com/rust-lang/crates.io-index"
checksum = "567664f262709473930a4bf9e51bf2ebf3348f2e748ccc50dea20646858f8f29"
dependencies = [
 "bitflags 1.3.2",
]

[[package]]
name = "regex-syntax"
version = "0.6.29"
source = "registry+https://github.com/rust-lang/crates.io-index"
checksum = "f162c6dd7b008981e4d40210aca20b4bd0f9b60ca9271061b07f78537722f2e1"

[[package]]
name = "rustix"
version = "0.38.8"
source = "registry+https://github.com/rust-lang/crates.io-index"
checksum = "19ed4fa021d81c8392ce04db050a3da9a60299050b7ae1cf482d862b54a7218f"
dependencies = [
 "bitflags 2.4.0",
 "errno",
 "libc",
 "linux-raw-sys",
 "windows-sys",
]

[[package]]
name = "rusty-fork"
version = "0.3.0"
source = "registry+https://github.com/rust-lang/crates.io-index"
checksum = "cb3dcc6e454c328bb824492db107ab7c0ae8fcffe4ad210136ef014458c1bc4f"
dependencies = [
 "fnv",
 "quick-error",
 "tempfile",
 "wait-timeout",
]

[[package]]
name = "tempfile"
version = "3.8.0"
source = "registry+https://github.com/rust-lang/crates.io-index"
checksum = "cb94d2f3cc536af71caac6b6fcebf65860b347e7ce0cc9ebe8f70d3e521054ef"
dependencies = [
 "cfg-if",
 "fastrand",
 "redox_syscall",
 "rustix",
 "windows-sys",
]

[[package]]
name = "tenka1-2012"
version = "0.1.0"
dependencies = [
 "itertools",
 "num",
 "proconio",
]

[[package]]
name = "tenka1-2014"
version = "0.1.0"
dependencies = [
 "itertools",
 "num",
 "proconio",
]

[[package]]
name = "unarray"
version = "0.1.4"
source = "registry+https://github.com/rust-lang/crates.io-index"
checksum = "eaea85b334db583fe3274d12b4cd1880032beab409c0d774be044d4480ab9a94"

[[package]]
name = "wait-timeout"
version = "0.2.0"
source = "registry+https://github.com/rust-lang/crates.io-index"
checksum = "9f200f5b12eb75f8c1ed65abd4b2db8a6e1b138a20de009dacee265a2498f3f6"
dependencies = [
 "libc",
]

[[package]]
name = "wasi"
version = "0.11.0+wasi-snapshot-preview1"
source = "registry+https://github.com/rust-lang/crates.io-index"
checksum = "9c8d87e72b64a3b4db28d11ce29237c246188f4f51057d65a7eab63b7987e423"

[[package]]
name = "windows-sys"
version = "0.48.0"
source = "registry+https://github.com/rust-lang/crates.io-index"
checksum = "677d2418bec65e3338edb076e806bc1ec15693c5d0104683f2efe857f61056a9"
dependencies = [
 "windows-targets",
]

[[package]]
name = "windows-targets"
version = "0.48.5"
source = "registry+https://github.com/rust-lang/crates.io-index"
checksum = "9a2fa6e2155d7247be68c096456083145c183cbbbc2764150dda45a87197940c"
dependencies = [
 "windows_aarch64_gnullvm",
 "windows_aarch64_msvc",
 "windows_i686_gnu",
 "windows_i686_msvc",
 "windows_x86_64_gnu",
 "windows_x86_64_gnullvm",
 "windows_x86_64_msvc",
]

[[package]]
name = "windows_aarch64_gnullvm"
version = "0.48.5"
source = "registry+https://github.com/rust-lang/crates.io-index"
checksum = "2b38e32f0abccf9987a4e3079dfb67dcd799fb61361e53e2882c3cbaf0d905d8"

[[package]]
name = "windows_aarch64_msvc"
version = "0.48.5"
source = "registry+https://github.com/rust-lang/crates.io-index"
checksum = "dc35310971f3b2dbbf3f0690a219f40e2d9afcf64f9ab7cc1be722937c26b4bc"

[[package]]
name = "windows_i686_gnu"
version = "0.48.5"
source = "registry+https://github.com/rust-lang/crates.io-index"
checksum = "a75915e7def60c94dcef72200b9a8e58e5091744960da64ec734a6c6e9b3743e"

[[package]]
name = "windows_i686_msvc"
version = "0.48.5"
source = "registry+https://github.com/rust-lang/crates.io-index"
checksum = "8f55c233f70c4b27f66c523580f78f1004e8b5a8b659e05a4eb49d4166cca406"

[[package]]
name = "windows_x86_64_gnu"
version = "0.48.5"
source = "registry+https://github.com/rust-lang/crates.io-index"
checksum = "53d40abd2583d23e4718fddf1ebec84dbff8381c07cae67ff7768bbf19c6718e"

[[package]]
name = "windows_x86_64_gnullvm"
version = "0.48.5"
source = "registry+https://github.com/rust-lang/crates.io-index"
checksum = "0b7b52767868a23d5bab768e390dc5f5c55825b6d30b86c844ff2dc7414044cc"

[[package]]
name = "windows_x86_64_msvc"
version = "0.48.5"
source = "registry+https://github.com/rust-lang/crates.io-index"
checksum = "ed94fce61571a4006852b7389a063ab983c02eb1bb37b47f8272ce92d06d9538"

[[package]]
name = "zone2021"
version = "0.1.0"
dependencies = [
 "itertools",
 "num",
 "proconio",
]
